// !$*UTF8*$!
{
	archiveVersion = 1;
	classes = {
	};
	objectVersion = 45;
	objects = {

/* Begin PBXBuildFile section */
		372856FB136AAA8F00A944A2 /* Drone.cpp in Sources */ = {isa = PBXBuildFile; fileRef = 372856E7136AAA8F00A944A2 /* Drone.cpp */; };
		372856FC136AAA8F00A944A2 /* Entity.cpp in Sources */ = {isa = PBXBuildFile; fileRef = 372856E8136AAA8F00A944A2 /* Entity.cpp */; };
		372856FD136AAA8F00A944A2 /* Event.cpp in Sources */ = {isa = PBXBuildFile; fileRef = 372856E9136AAA8F00A944A2 /* Event.cpp */; };
		372856FE136AAA8F00A944A2 /* EventListener.cpp in Sources */ = {isa = PBXBuildFile; fileRef = 372856EA136AAA8F00A944A2 /* EventListener.cpp */; };
		372856FF136AAA8F00A944A2 /* EventManager.cpp in Sources */ = {isa = PBXBuildFile; fileRef = 372856EB136AAA8F00A944A2 /* EventManager.cpp */; };
		37285700136AAA8F00A944A2 /* GameManager.cpp in Sources */ = {isa = PBXBuildFile; fileRef = 372856EC136AAA8F00A944A2 /* GameManager.cpp */; };
		37285701136AAA8F00A944A2 /* GameState.cpp in Sources */ = {isa = PBXBuildFile; fileRef = 372856ED136AAA8F00A944A2 /* GameState.cpp */; };
		37285702136AAA8F00A944A2 /* Geometry.cpp in Sources */ = {isa = PBXBuildFile; fileRef = 372856EE136AAA8F00A944A2 /* Geometry.cpp */; };
		37285703136AAA8F00A944A2 /* GfxEngine.cpp in Sources */ = {isa = PBXBuildFile; fileRef = 372856EF136AAA8F00A944A2 /* GfxEngine.cpp */; };
		37285704136AAA8F00A944A2 /* InputManager.cpp in Sources */ = {isa = PBXBuildFile; fileRef = 372856F0136AAA8F00A944A2 /* InputManager.cpp */; };
		37285705136AAA8F00A944A2 /* Intro.cpp in Sources */ = {isa = PBXBuildFile; fileRef = 372856F1136AAA8F00A944A2 /* Intro.cpp */; };
		37285706136AAA8F00A944A2 /* Level.cpp in Sources */ = {isa = PBXBuildFile; fileRef = 372856F2136AAA8F00A944A2 /* Level.cpp */; };
		37285707136AAA8F00A944A2 /* main.cpp in Sources */ = {isa = PBXBuildFile; fileRef = 372856F3136AAA8F00A944A2 /* main.cpp */; };
		37285708136AAA8F00A944A2 /* Pause.cpp in Sources */ = {isa = PBXBuildFile; fileRef = 372856F4136AAA8F00A944A2 /* Pause.cpp */; };
		37285709136AAA8F00A944A2 /* PhyxEngine.cpp in Sources */ = {isa = PBXBuildFile; fileRef = 372856F5136AAA8F00A944A2 /* PhyxEngine.cpp */; };
		3728570A136AAA8F00A944A2 /* Probe.cpp in Sources */ = {isa = PBXBuildFile; fileRef = 372856F6136AAA8F00A944A2 /* Probe.cpp */; };
		3728570B136AAA8F00A944A2 /* SfxEngine.cpp in Sources */ = {isa = PBXBuildFile; fileRef = 372856F7136AAA8F00A944A2 /* SfxEngine.cpp */; };
		3728570C136AAA8F00A944A2 /* Tunnel.cpp in Sources */ = {isa = PBXBuildFile; fileRef = 372856F8136AAA8F00A944A2 /* Tunnel.cpp */; };
		3728570D136AAA8F00A944A2 /* UIEngine.cpp in Sources */ = {isa = PBXBuildFile; fileRef = 372856F9136AAA8F00A944A2 /* UIEngine.cpp */; };
		3728570E136AAA8F00A944A2 /* Zone.cpp in Sources */ = {isa = PBXBuildFile; fileRef = 372856FA136AAA8F00A944A2 /* Zone.cpp */; };
		37285739136AB65500A944A2 /* libOgreOggSound.dylib in Frameworks */ = {isa = PBXBuildFile; fileRef = 37285738136AB65500A944A2 /* libOgreOggSound.dylib */; };
		37285740136AB67F00A944A2 /* TinyXMLResource.cpp in Sources */ = {isa = PBXBuildFile; fileRef = 3728573E136AB67F00A944A2 /* TinyXMLResource.cpp */; };
		37285741136AB67F00A944A2 /* TinyXMLResourceManager.cpp in Sources */ = {isa = PBXBuildFile; fileRef = 3728573F136AB67F00A944A2 /* TinyXMLResourceManager.cpp */; };
		3728574A136AB6A100A944A2 /* tinystr.cpp in Sources */ = {isa = PBXBuildFile; fileRef = 37285746136AB6A100A944A2 /* tinystr.cpp */; };
		3728574B136AB6A100A944A2 /* tinyxml.cpp in Sources */ = {isa = PBXBuildFile; fileRef = 37285747136AB6A100A944A2 /* tinyxml.cpp */; };
		3728574C136AB6A100A944A2 /* tinyxmlerror.cpp in Sources */ = {isa = PBXBuildFile; fileRef = 37285748136AB6A100A944A2 /* tinyxmlerror.cpp */; };
		3728574D136AB6A100A944A2 /* tinyxmlparser.cpp in Sources */ = {isa = PBXBuildFile; fileRef = 37285749136AB6A100A944A2 /* tinyxmlparser.cpp */; };
		37285796136AB70000A944A2 /* AbortAppender.cpp in Sources */ = {isa = PBXBuildFile; fileRef = 3728576A136AB70000A944A2 /* AbortAppender.cpp */; };
		37285797136AB70000A944A2 /* Appender.cpp in Sources */ = {isa = PBXBuildFile; fileRef = 3728576B136AB70000A944A2 /* Appender.cpp */; };
		37285798136AB70000A944A2 /* AppendersFactory.cpp in Sources */ = {isa = PBXBuildFile; fileRef = 3728576C136AB70000A944A2 /* AppendersFactory.cpp */; };
		37285799136AB70000A944A2 /* AppenderSkeleton.cpp in Sources */ = {isa = PBXBuildFile; fileRef = 3728576D136AB70000A944A2 /* AppenderSkeleton.cpp */; };
		3728579A136AB70000A944A2 /* BasicConfigurator.cpp in Sources */ = {isa = PBXBuildFile; fileRef = 3728576E136AB70000A944A2 /* BasicConfigurator.cpp */; };
		3728579B136AB70000A944A2 /* BasicLayout.cpp in Sources */ = {isa = PBXBuildFile; fileRef = 3728576F136AB70000A944A2 /* BasicLayout.cpp */; };
		3728579C136AB70000A944A2 /* BufferingAppender.cpp in Sources */ = {isa = PBXBuildFile; fileRef = 37285770136AB70000A944A2 /* BufferingAppender.cpp */; };
		3728579D136AB70000A944A2 /* Category.cpp in Sources */ = {isa = PBXBuildFile; fileRef = 37285771136AB70000A944A2 /* Category.cpp */; };
		3728579E136AB70000A944A2 /* CategoryStream.cpp in Sources */ = {isa = PBXBuildFile; fileRef = 37285772136AB70000A944A2 /* CategoryStream.cpp */; };
		3728579F136AB70000A944A2 /* Configurator.cpp in Sources */ = {isa = PBXBuildFile; fileRef = 37285773136AB70000A944A2 /* Configurator.cpp */; };
		372857A0136AB70000A944A2 /* DllMain.cpp in Sources */ = {isa = PBXBuildFile; fileRef = 37285774136AB70000A944A2 /* DllMain.cpp */; };
		372857A1136AB70000A944A2 /* DummyThreads.cpp in Sources */ = {isa = PBXBuildFile; fileRef = 37285775136AB70000A944A2 /* DummyThreads.cpp */; };
		372857A2136AB70000A944A2 /* FactoryParams.cpp in Sources */ = {isa = PBXBuildFile; fileRef = 37285776136AB70000A944A2 /* FactoryParams.cpp */; };
		372857A3136AB70000A944A2 /* FileAppender.cpp in Sources */ = {isa = PBXBuildFile; fileRef = 37285777136AB70000A944A2 /* FileAppender.cpp */; };
		372857A4136AB70000A944A2 /* Filter.cpp in Sources */ = {isa = PBXBuildFile; fileRef = 37285778136AB70000A944A2 /* Filter.cpp */; };
		372857A5136AB70000A944A2 /* FixedContextCategory.cpp in Sources */ = {isa = PBXBuildFile; fileRef = 37285779136AB70000A944A2 /* FixedContextCategory.cpp */; };
		372857A6136AB70000A944A2 /* HierarchyMaintainer.cpp in Sources */ = {isa = PBXBuildFile; fileRef = 3728577A136AB70000A944A2 /* HierarchyMaintainer.cpp */; };
		372857A7136AB70000A944A2 /* IdsaAppender.cpp in Sources */ = {isa = PBXBuildFile; fileRef = 3728577B136AB70000A944A2 /* IdsaAppender.cpp */; };
		372857A8136AB70000A944A2 /* LayoutAppender.cpp in Sources */ = {isa = PBXBuildFile; fileRef = 3728577C136AB70000A944A2 /* LayoutAppender.cpp */; };
		372857A9136AB70000A944A2 /* LayoutsFactory.cpp in Sources */ = {isa = PBXBuildFile; fileRef = 3728577D136AB70000A944A2 /* LayoutsFactory.cpp */; };
		372857AA136AB70000A944A2 /* LevelEvaluator.cpp in Sources */ = {isa = PBXBuildFile; fileRef = 3728577E136AB70000A944A2 /* LevelEvaluator.cpp */; };
		372857AB136AB70000A944A2 /* Localtime.cpp in Sources */ = {isa = PBXBuildFile; fileRef = 3728577F136AB70000A944A2 /* Localtime.cpp */; };
		372857AC136AB70000A944A2 /* LoggingEvent.cpp in Sources */ = {isa = PBXBuildFile; fileRef = 37285780136AB70000A944A2 /* LoggingEvent.cpp */; };
		372857AD136AB70000A944A2 /* NDC.cpp in Sources */ = {isa = PBXBuildFile; fileRef = 37285781136AB70000A944A2 /* NDC.cpp */; };
		372857AE136AB70000A944A2 /* NTEventLogAppender.cpp in Sources */ = {isa = PBXBuildFile; fileRef = 37285782136AB70000A944A2 /* NTEventLogAppender.cpp */; };
		372857AF136AB70000A944A2 /* OmniThreads.cpp in Sources */ = {isa = PBXBuildFile; fileRef = 37285783136AB70000A944A2 /* OmniThreads.cpp */; };
		372857B0136AB70000A944A2 /* OstreamAppender.cpp in Sources */ = {isa = PBXBuildFile; fileRef = 37285784136AB70000A944A2 /* OstreamAppender.cpp */; };
		372857B1136AB70000A944A2 /* PassThroughLayout.cpp in Sources */ = {isa = PBXBuildFile; fileRef = 37285785136AB70000A944A2 /* PassThroughLayout.cpp */; };
		372857B2136AB70000A944A2 /* PatternLayout.cpp in Sources */ = {isa = PBXBuildFile; fileRef = 37285786136AB70000A944A2 /* PatternLayout.cpp */; };
		372857B3136AB70000A944A2 /* PortabilityImpl.cpp in Sources */ = {isa = PBXBuildFile; fileRef = 37285787136AB70000A944A2 /* PortabilityImpl.cpp */; };
		372857B4136AB70000A944A2 /* Priority.cpp in Sources */ = {isa = PBXBuildFile; fileRef = 37285788136AB70000A944A2 /* Priority.cpp */; };
		372857B5136AB70000A944A2 /* Properties.cpp in Sources */ = {isa = PBXBuildFile; fileRef = 37285789136AB70000A944A2 /* Properties.cpp */; };
		372857B6136AB70000A944A2 /* PropertyConfigurator.cpp in Sources */ = {isa = PBXBuildFile; fileRef = 3728578A136AB70000A944A2 /* PropertyConfigurator.cpp */; };
		372857B7136AB70000A944A2 /* PropertyConfiguratorImpl.cpp in Sources */ = {isa = PBXBuildFile; fileRef = 3728578B136AB70000A944A2 /* PropertyConfiguratorImpl.cpp */; };
		372857B8136AB70000A944A2 /* PThreads.cpp in Sources */ = {isa = PBXBuildFile; fileRef = 3728578C136AB70000A944A2 /* PThreads.cpp */; };
		372857B9136AB70000A944A2 /* RemoteSyslogAppender.cpp in Sources */ = {isa = PBXBuildFile; fileRef = 3728578D136AB70000A944A2 /* RemoteSyslogAppender.cpp */; };
		372857BA136AB70000A944A2 /* RollingFileAppender.cpp in Sources */ = {isa = PBXBuildFile; fileRef = 3728578E136AB70000A944A2 /* RollingFileAppender.cpp */; };
		372857BB136AB70000A944A2 /* SimpleConfigurator.cpp in Sources */ = {isa = PBXBuildFile; fileRef = 3728578F136AB70000A944A2 /* SimpleConfigurator.cpp */; };
		372857BC136AB70000A944A2 /* SimpleLayout.cpp in Sources */ = {isa = PBXBuildFile; fileRef = 37285790136AB70000A944A2 /* SimpleLayout.cpp */; };
		372857BD136AB70000A944A2 /* StringQueueAppender.cpp in Sources */ = {isa = PBXBuildFile; fileRef = 37285791136AB70000A944A2 /* StringQueueAppender.cpp */; };
		372857BE136AB70000A944A2 /* StringUtil.cpp in Sources */ = {isa = PBXBuildFile; fileRef = 37285792136AB70000A944A2 /* StringUtil.cpp */; };
		372857BF136AB70000A944A2 /* SyslogAppender.cpp in Sources */ = {isa = PBXBuildFile; fileRef = 37285793136AB70000A944A2 /* SyslogAppender.cpp */; };
		372857C0136AB70000A944A2 /* TimeStamp.cpp in Sources */ = {isa = PBXBuildFile; fileRef = 37285794136AB70000A944A2 /* TimeStamp.cpp */; };
		372857C1136AB70000A944A2 /* TriggeringEventEvaluatorFactory.cpp in Sources */ = {isa = PBXBuildFile; fileRef = 37285795136AB70000A944A2 /* TriggeringEventEvaluatorFactory.cpp */; };
		372857C9136AB73B00A944A2 /* libOgreOggSound.dylib in Copy Plugins */ = {isa = PBXBuildFile; fileRef = 37285738136AB65500A944A2 /* libOgreOggSound.dylib */; };
		377C32FD1348815C0026E68E /* libOgreRTShaderSystem.dylib in Frameworks */ = {isa = PBXBuildFile; fileRef = 377C32FC1348815C0026E68E /* libOgreRTShaderSystem.dylib */; };
		377C32FF1348815C0026E68E /* Plugin_CgProgramManager.dylib in Frameworks */ = {isa = PBXBuildFile; fileRef = 377C32FE1348815C0026E68E /* Plugin_CgProgramManager.dylib */; };
		377C3300134881720026E68E /* libOgreRTShaderSystem.dylib in Copy Components */ = {isa = PBXBuildFile; fileRef = 377C32FC1348815C0026E68E /* libOgreRTShaderSystem.dylib */; };
		377C3301134881720026E68E /* Plugin_CgProgramManager.dylib in Copy Plugins */ = {isa = PBXBuildFile; fileRef = 377C32FE1348815C0026E68E /* Plugin_CgProgramManager.dylib */; };
		377C363C134882D00026E68E /* libOIS.a in Frameworks */ = {isa = PBXBuildFile; fileRef = 377C363B134882CF0026E68E /* libOIS.a */; };
		377C36A9134883BC0026E68E /* libfreeimage.a in Frameworks */ = {isa = PBXBuildFile; fileRef = 377C36A8134883BC0026E68E /* libfreeimage.a */; };
		377C36AB134883BC0026E68E /* libfreetype.a in Frameworks */ = {isa = PBXBuildFile; fileRef = 377C36AA134883BC0026E68E /* libfreetype.a */; };
		377C36AD134883BC0026E68E /* libzzip.a in Frameworks */ = {isa = PBXBuildFile; fileRef = 377C36AC134883BC0026E68E /* libzzip.a */; };
		377C371C13488BBF0026E68E /* Plugin_OgreProcedural.dylib in Frameworks */ = {isa = PBXBuildFile; fileRef = 377C371B13488BBF0026E68E /* Plugin_OgreProcedural.dylib */; };
		377C371E13488BC70026E68E /* Plugin_OgreProcedural.dylib in Copy Plugins */ = {isa = PBXBuildFile; fileRef = 377C371B13488BBF0026E68E /* Plugin_OgreProcedural.dylib */; };
		377C373113488C4F0026E68E /* Plugin_ParticleUniverse.dylib in Frameworks */ = {isa = PBXBuildFile; fileRef = 377C373013488C4F0026E68E /* Plugin_ParticleUniverse.dylib */; };
		377C373213488C520026E68E /* Plugin_ParticleUniverse.dylib in Copy Plugins */ = {isa = PBXBuildFile; fileRef = 377C373013488C4F0026E68E /* Plugin_ParticleUniverse.dylib */; };
		377C49FF13488DAB0026E68E /* config in Resources */ = {isa = PBXBuildFile; fileRef = 377C451213488DAA0026E68E /* config */; };
		377C4A0013488DAB0026E68E /* media in Resources */ = {isa = PBXBuildFile; fileRef = 377C451A13488DAA0026E68E /* media */; };
		377CC98A1347A09300A7AE73 /* PixyLogLayout.cpp in Sources */ = {isa = PBXBuildFile; fileRef = 377CC9891347A09300A7AE73 /* PixyLogLayout.cpp */; };
		377CCA001347A10E00A7AE73 /* BtOgre.cpp in Sources */ = {isa = PBXBuildFile; fileRef = 377CC9FF1347A10E00A7AE73 /* BtOgre.cpp */; };
		377CCAA81347B48400A7AE73 /* OpenAL.framework in Frameworks */ = {isa = PBXBuildFile; fileRef = 377CCAA71347B48400A7AE73 /* OpenAL.framework */; };
		379BCDCE13489E5000A76237 /* Pixy.log in Resources */ = {isa = PBXBuildFile; fileRef = 379BCDCD13489E5000A76237 /* Pixy.log */; };
		379BCDE613489E9400A76237 /* Pixy.log in Logs */ = {isa = PBXBuildFile; fileRef = 379BCDCD13489E5000A76237 /* Pixy.log */; };
		379BCE5D1348A68000A76237 /* Ogg.framework in Frameworks */ = {isa = PBXBuildFile; fileRef = 379BCE5C1348A68000A76237 /* Ogg.framework */; };
		379BCE5F1348A68000A76237 /* Vorbis.framework in Frameworks */ = {isa = PBXBuildFile; fileRef = 379BCE5E1348A68000A76237 /* Vorbis.framework */; };
		379BCE6B1348A68800A76237 /* Ogg.framework in Copy Frameworks */ = {isa = PBXBuildFile; fileRef = 379BCE5C1348A68000A76237 /* Ogg.framework */; };
		379BCE6C1348A68800A76237 /* Vorbis.framework in Copy Frameworks */ = {isa = PBXBuildFile; fileRef = 379BCE5E1348A68000A76237 /* Vorbis.framework */; };
		379BD1E41348AEF600A76237 /* Ogre.framework in Frameworks */ = {isa = PBXBuildFile; fileRef = 379BD1E31348AEF600A76237 /* Ogre.framework */; };
		379BD1E71348AEFA00A76237 /* Ogre.framework in Copy Frameworks */ = {isa = PBXBuildFile; fileRef = 379BD1E31348AEF600A76237 /* Ogre.framework */; };
		37B5D67D13277E5900BFC358 /* IOKit.framework in Frameworks */ = {isa = PBXBuildFile; fileRef = 3739F9461326D5D800FA5092 /* IOKit.framework */; };
		37B5D67E13277E5900BFC358 /* Carbon.framework in Frameworks */ = {isa = PBXBuildFile; fileRef = 3739F94D1326D60000FA5092 /* Carbon.framework */; };
		37B5D67F13277E5900BFC358 /* BulletCollision.framework in Frameworks */ = {isa = PBXBuildFile; fileRef = 37B285AD1325521C00BACB27 /* BulletCollision.framework */; };
		37B5D68013277E5900BFC358 /* BulletDynamics.framework in Frameworks */ = {isa = PBXBuildFile; fileRef = 37B285AF1325521C00BACB27 /* BulletDynamics.framework */; };
		37B5D68113277E5900BFC358 /* BulletSoftBody.framework in Frameworks */ = {isa = PBXBuildFile; fileRef = 37B285B11325521C00BACB27 /* BulletSoftBody.framework */; };
		37B5D68213277E5900BFC358 /* LinearMath.framework in Frameworks */ = {isa = PBXBuildFile; fileRef = 37B285B31325521C00BACB27 /* LinearMath.framework */; };
		37B5D68513277E5900BFC358 /* OpenGL.framework in Frameworks */ = {isa = PBXBuildFile; fileRef = 37B282471323EB5B00BACB27 /* OpenGL.framework */; };
		37B5D68613277E5900BFC358 /* GLUT.framework in Frameworks */ = {isa = PBXBuildFile; fileRef = 37B2824B1323EB6800BACB27 /* GLUT.framework */; };
		37B5D68913277E5900BFC358 /* Plugin_ParticleFX.dylib in Frameworks */ = {isa = PBXBuildFile; fileRef = 37C97A4913255ECE00F10762 /* Plugin_ParticleFX.dylib */; };
		37B5D68A13277E5900BFC358 /* RenderSystem_GL.dylib in Frameworks */ = {isa = PBXBuildFile; fileRef = 37C97A4B13255ECE00F10762 /* RenderSystem_GL.dylib */; };
		37B5D68D13277E5900BFC358 /* liblog4cpp.a in Frameworks */ = {isa = PBXBuildFile; fileRef = 3739FA621326D96C00FA5092 /* liblog4cpp.a */; };
		37B5D69713277E6100BFC358 /* BulletCollision.framework in Copy Frameworks */ = {isa = PBXBuildFile; fileRef = 37B285AD1325521C00BACB27 /* BulletCollision.framework */; };
		37B5D69813277E6100BFC358 /* BulletDynamics.framework in Copy Frameworks */ = {isa = PBXBuildFile; fileRef = 37B285AF1325521C00BACB27 /* BulletDynamics.framework */; };
		37B5D69913277E6100BFC358 /* BulletSoftBody.framework in Copy Frameworks */ = {isa = PBXBuildFile; fileRef = 37B285B11325521C00BACB27 /* BulletSoftBody.framework */; };
		37B5D69A13277E6100BFC358 /* LinearMath.framework in Copy Frameworks */ = {isa = PBXBuildFile; fileRef = 37B285B31325521C00BACB27 /* LinearMath.framework */; };
		37B5D6A313277E6600BFC358 /* Plugin_ParticleFX.dylib in Copy Plugins */ = {isa = PBXBuildFile; fileRef = 37C97A4913255ECE00F10762 /* Plugin_ParticleFX.dylib */; };
		37B5D6A413277E6600BFC358 /* RenderSystem_GL.dylib in Copy Plugins */ = {isa = PBXBuildFile; fileRef = 37C97A4B13255ECE00F10762 /* RenderSystem_GL.dylib */; };
/* End PBXBuildFile section */

/* Begin PBXCopyFilesBuildPhase section */
		379BCD801348953600A76237 /* Logs */ = {
			isa = PBXCopyFilesBuildPhase;
			buildActionMask = 2147483647;
			dstPath = ../Logs;
			dstSubfolderSpec = 7;
			files = (
				379BCDE613489E9400A76237 /* Pixy.log in Logs */,
			);
			name = Logs;
			runOnlyForDeploymentPostprocessing = 0;
		};
		37B5D6AE13277EA800BFC358 /* Copy Frameworks */ = {
			isa = PBXCopyFilesBuildPhase;
			buildActionMask = 2147483647;
			dstPath = "";
			dstSubfolderSpec = 10;
			files = (
				379BD1E71348AEFA00A76237 /* Ogre.framework in Copy Frameworks */,
				379BCE6B1348A68800A76237 /* Ogg.framework in Copy Frameworks */,
				379BCE6C1348A68800A76237 /* Vorbis.framework in Copy Frameworks */,
				37B5D69713277E6100BFC358 /* BulletCollision.framework in Copy Frameworks */,
				37B5D69813277E6100BFC358 /* BulletDynamics.framework in Copy Frameworks */,
				37B5D69913277E6100BFC358 /* BulletSoftBody.framework in Copy Frameworks */,
				37B5D69A13277E6100BFC358 /* LinearMath.framework in Copy Frameworks */,
			);
			name = "Copy Frameworks";
			runOnlyForDeploymentPostprocessing = 0;
		};
		37B5D6AF13277EA800BFC358 /* Copy Plugins */ = {
			isa = PBXCopyFilesBuildPhase;
			buildActionMask = 2147483647;
			dstPath = "";
			dstSubfolderSpec = 13;
			files = (
				372857C9136AB73B00A944A2 /* libOgreOggSound.dylib in Copy Plugins */,
				377C373213488C520026E68E /* Plugin_ParticleUniverse.dylib in Copy Plugins */,
				377C371E13488BC70026E68E /* Plugin_OgreProcedural.dylib in Copy Plugins */,
				377C3301134881720026E68E /* Plugin_CgProgramManager.dylib in Copy Plugins */,
				37B5D6A313277E6600BFC358 /* Plugin_ParticleFX.dylib in Copy Plugins */,
				37B5D6A413277E6600BFC358 /* RenderSystem_GL.dylib in Copy Plugins */,
			);
			name = "Copy Plugins";
			runOnlyForDeploymentPostprocessing = 0;
		};
		37B5D6DB1327811C00BFC358 /* Copy Components */ = {
			isa = PBXCopyFilesBuildPhase;
			buildActionMask = 2147483647;
			dstPath = Contents/Components;
			dstSubfolderSpec = 1;
			files = (
				377C3300134881720026E68E /* libOgreRTShaderSystem.dylib in Copy Components */,
			);
			name = "Copy Components";
			runOnlyForDeploymentPostprocessing = 0;
		};
/* End PBXCopyFilesBuildPhase section */

/* Begin PBXFileReference section */
		372856E7136AAA8F00A944A2 /* Drone.cpp */ = {isa = PBXFileReference; fileEncoding = 4; lastKnownFileType = sourcecode.cpp.cpp; name = Drone.cpp; path = ../../src/Drone.cpp; sourceTree = SOURCE_ROOT; };
		372856E8136AAA8F00A944A2 /* Entity.cpp */ = {isa = PBXFileReference; fileEncoding = 4; lastKnownFileType = sourcecode.cpp.cpp; name = Entity.cpp; path = ../../src/Entity.cpp; sourceTree = SOURCE_ROOT; };
		372856E9136AAA8F00A944A2 /* Event.cpp */ = {isa = PBXFileReference; fileEncoding = 4; lastKnownFileType = sourcecode.cpp.cpp; name = Event.cpp; path = ../../src/Event.cpp; sourceTree = SOURCE_ROOT; };
		372856EA136AAA8F00A944A2 /* EventListener.cpp */ = {isa = PBXFileReference; fileEncoding = 4; lastKnownFileType = sourcecode.cpp.cpp; name = EventListener.cpp; path = ../../src/EventListener.cpp; sourceTree = SOURCE_ROOT; };
		372856EB136AAA8F00A944A2 /* EventManager.cpp */ = {isa = PBXFileReference; fileEncoding = 4; lastKnownFileType = sourcecode.cpp.cpp; name = EventManager.cpp; path = ../../src/EventManager.cpp; sourceTree = SOURCE_ROOT; };
		372856EC136AAA8F00A944A2 /* GameManager.cpp */ = {isa = PBXFileReference; fileEncoding = 4; lastKnownFileType = sourcecode.cpp.cpp; name = GameManager.cpp; path = ../../src/GameManager.cpp; sourceTree = SOURCE_ROOT; };
		372856ED136AAA8F00A944A2 /* GameState.cpp */ = {isa = PBXFileReference; fileEncoding = 4; lastKnownFileType = sourcecode.cpp.cpp; name = GameState.cpp; path = ../../src/GameState.cpp; sourceTree = SOURCE_ROOT; };
		372856EE136AAA8F00A944A2 /* Geometry.cpp */ = {isa = PBXFileReference; fileEncoding = 4; lastKnownFileType = sourcecode.cpp.cpp; name = Geometry.cpp; path = ../../src/Geometry.cpp; sourceTree = SOURCE_ROOT; };
		372856EF136AAA8F00A944A2 /* GfxEngine.cpp */ = {isa = PBXFileReference; fileEncoding = 4; lastKnownFileType = sourcecode.cpp.cpp; name = GfxEngine.cpp; path = ../../src/GfxEngine.cpp; sourceTree = SOURCE_ROOT; };
		372856F0136AAA8F00A944A2 /* InputManager.cpp */ = {isa = PBXFileReference; fileEncoding = 4; lastKnownFileType = sourcecode.cpp.cpp; name = InputManager.cpp; path = ../../src/InputManager.cpp; sourceTree = SOURCE_ROOT; };
		372856F1136AAA8F00A944A2 /* Intro.cpp */ = {isa = PBXFileReference; fileEncoding = 4; lastKnownFileType = sourcecode.cpp.cpp; name = Intro.cpp; path = ../../src/Intro.cpp; sourceTree = SOURCE_ROOT; };
		372856F2136AAA8F00A944A2 /* Level.cpp */ = {isa = PBXFileReference; fileEncoding = 4; lastKnownFileType = sourcecode.cpp.cpp; name = Level.cpp; path = ../../src/Level.cpp; sourceTree = SOURCE_ROOT; };
		372856F3136AAA8F00A944A2 /* main.cpp */ = {isa = PBXFileReference; fileEncoding = 4; lastKnownFileType = sourcecode.cpp.cpp; name = main.cpp; path = ../../src/main.cpp; sourceTree = SOURCE_ROOT; };
		372856F4136AAA8F00A944A2 /* Pause.cpp */ = {isa = PBXFileReference; fileEncoding = 4; lastKnownFileType = sourcecode.cpp.cpp; name = Pause.cpp; path = ../../src/Pause.cpp; sourceTree = SOURCE_ROOT; };
		372856F5136AAA8F00A944A2 /* PhyxEngine.cpp */ = {isa = PBXFileReference; fileEncoding = 4; lastKnownFileType = sourcecode.cpp.cpp; name = PhyxEngine.cpp; path = ../../src/PhyxEngine.cpp; sourceTree = SOURCE_ROOT; };
		372856F6136AAA8F00A944A2 /* Probe.cpp */ = {isa = PBXFileReference; fileEncoding = 4; lastKnownFileType = sourcecode.cpp.cpp; name = Probe.cpp; path = ../../src/Probe.cpp; sourceTree = SOURCE_ROOT; };
		372856F7136AAA8F00A944A2 /* SfxEngine.cpp */ = {isa = PBXFileReference; fileEncoding = 4; lastKnownFileType = sourcecode.cpp.cpp; name = SfxEngine.cpp; path = ../../src/SfxEngine.cpp; sourceTree = SOURCE_ROOT; };
		372856F8136AAA8F00A944A2 /* Tunnel.cpp */ = {isa = PBXFileReference; fileEncoding = 4; lastKnownFileType = sourcecode.cpp.cpp; name = Tunnel.cpp; path = ../../src/Tunnel.cpp; sourceTree = SOURCE_ROOT; };
		372856F9136AAA8F00A944A2 /* UIEngine.cpp */ = {isa = PBXFileReference; fileEncoding = 4; lastKnownFileType = sourcecode.cpp.cpp; name = UIEngine.cpp; path = ../../src/UIEngine.cpp; sourceTree = SOURCE_ROOT; };
		372856FA136AAA8F00A944A2 /* Zone.cpp */ = {isa = PBXFileReference; fileEncoding = 4; lastKnownFileType = sourcecode.cpp.cpp; name = Zone.cpp; path = ../../src/Zone.cpp; sourceTree = SOURCE_ROOT; };
		3728570F136AAAAF00A944A2 /* Drone.h */ = {isa = PBXFileReference; fileEncoding = 4; lastKnownFileType = sourcecode.c.h; name = Drone.h; path = ../../include/Drone.h; sourceTree = SOURCE_ROOT; };
		37285710136AAAAF00A944A2 /* Intro.h */ = {isa = PBXFileReference; fileEncoding = 4; lastKnownFileType = sourcecode.c.h; name = Intro.h; path = ../../include/Intro.h; sourceTree = SOURCE_ROOT; };
		37285711136AAAAF00A944A2 /* Pause.h */ = {isa = PBXFileReference; fileEncoding = 4; lastKnownFileType = sourcecode.c.h; name = Pause.h; path = ../../include/Pause.h; sourceTree = SOURCE_ROOT; };
		37285712136AAAAF00A944A2 /* Probe.h */ = {isa = PBXFileReference; fileEncoding = 4; lastKnownFileType = sourcecode.c.h; name = Probe.h; path = ../../include/Probe.h; sourceTree = SOURCE_ROOT; };
		37285713136AAAAF00A944A2 /* SfxEngine.h */ = {isa = PBXFileReference; fileEncoding = 4; lastKnownFileType = sourcecode.c.h; name = SfxEngine.h; path = ../../include/SfxEngine.h; sourceTree = SOURCE_ROOT; };
		37285714136AAAAF00A944A2 /* UIEngine.h */ = {isa = PBXFileReference; fileEncoding = 4; lastKnownFileType = sourcecode.c.h; name = UIEngine.h; path = ../../include/UIEngine.h; sourceTree = SOURCE_ROOT; };
		37285715136AAAAF00A944A2 /* Zone.h */ = {isa = PBXFileReference; fileEncoding = 4; lastKnownFileType = sourcecode.c.h; name = Zone.h; path = ../../include/Zone.h; sourceTree = SOURCE_ROOT; };
		37285738136AB65500A944A2 /* libOgreOggSound.dylib */ = {isa = PBXFileReference; lastKnownFileType = "compiled.mach-o.dylib"; name = libOgreOggSound.dylib; path = ../../../../Build/ogreoggsound/build/libOgreOggSound.dylib; sourceTree = SOURCE_ROOT; };
		3728573E136AB67F00A944A2 /* TinyXMLResource.cpp */ = {isa = PBXFileReference; fileEncoding = 4; lastKnownFileType = sourcecode.cpp.cpp; name = TinyXMLResource.cpp; path = ../../modules/src/tinyxmlresource/TinyXMLResource.cpp; sourceTree = SOURCE_ROOT; };
		3728573F136AB67F00A944A2 /* TinyXMLResourceManager.cpp */ = {isa = PBXFileReference; fileEncoding = 4; lastKnownFileType = sourcecode.cpp.cpp; name = TinyXMLResourceManager.cpp; path = ../../modules/src/tinyxmlresource/TinyXMLResourceManager.cpp; sourceTree = SOURCE_ROOT; };
		37285742136AB68A00A944A2 /* TinyXMLResource.h */ = {isa = PBXFileReference; fileEncoding = 4; lastKnownFileType = sourcecode.c.h; name = TinyXMLResource.h; path = ../../modules/include/tinyxmlresource/TinyXMLResource.h; sourceTree = SOURCE_ROOT; };
		37285743136AB68A00A944A2 /* TinyXMLResourceManager.h */ = {isa = PBXFileReference; fileEncoding = 4; lastKnownFileType = sourcecode.c.h; name = TinyXMLResourceManager.h; path = ../../modules/include/tinyxmlresource/TinyXMLResourceManager.h; sourceTree = SOURCE_ROOT; };
		37285744136AB69400A944A2 /* tinystr.h */ = {isa = PBXFileReference; fileEncoding = 4; lastKnownFileType = sourcecode.c.h; name = tinystr.h; path = ../../modules/include/tinyxml/tinystr.h; sourceTree = SOURCE_ROOT; };
		37285745136AB69400A944A2 /* tinyxml.h */ = {isa = PBXFileReference; fileEncoding = 4; lastKnownFileType = sourcecode.c.h; name = tinyxml.h; path = ../../modules/include/tinyxml/tinyxml.h; sourceTree = SOURCE_ROOT; };
		37285746136AB6A100A944A2 /* tinystr.cpp */ = {isa = PBXFileReference; fileEncoding = 4; lastKnownFileType = sourcecode.cpp.cpp; name = tinystr.cpp; path = ../../modules/src/tinyxml/tinystr.cpp; sourceTree = SOURCE_ROOT; };
		37285747136AB6A100A944A2 /* tinyxml.cpp */ = {isa = PBXFileReference; fileEncoding = 4; lastKnownFileType = sourcecode.cpp.cpp; name = tinyxml.cpp; path = ../../modules/src/tinyxml/tinyxml.cpp; sourceTree = SOURCE_ROOT; };
		37285748136AB6A100A944A2 /* tinyxmlerror.cpp */ = {isa = PBXFileReference; fileEncoding = 4; lastKnownFileType = sourcecode.cpp.cpp; name = tinyxmlerror.cpp; path = ../../modules/src/tinyxml/tinyxmlerror.cpp; sourceTree = SOURCE_ROOT; };
		37285749136AB6A100A944A2 /* tinyxmlparser.cpp */ = {isa = PBXFileReference; fileEncoding = 4; lastKnownFileType = sourcecode.cpp.cpp; name = tinyxmlparser.cpp; path = ../../modules/src/tinyxml/tinyxmlparser.cpp; sourceTree = SOURCE_ROOT; };
		3728576A136AB70000A944A2 /* AbortAppender.cpp */ = {isa = PBXFileReference; fileEncoding = 4; lastKnownFileType = sourcecode.cpp.cpp; name = AbortAppender.cpp; path = "../../../../../Downloads/Development/Game/Tools/log4cpp-1.0/src/AbortAppender.cpp"; sourceTree = SOURCE_ROOT; };
		3728576B136AB70000A944A2 /* Appender.cpp */ = {isa = PBXFileReference; fileEncoding = 4; lastKnownFileType = sourcecode.cpp.cpp; name = Appender.cpp; path = "../../../../../Downloads/Development/Game/Tools/log4cpp-1.0/src/Appender.cpp"; sourceTree = SOURCE_ROOT; };
		3728576C136AB70000A944A2 /* AppendersFactory.cpp */ = {isa = PBXFileReference; fileEncoding = 4; lastKnownFileType = sourcecode.cpp.cpp; name = AppendersFactory.cpp; path = "../../../../../Downloads/Development/Game/Tools/log4cpp-1.0/src/AppendersFactory.cpp"; sourceTree = SOURCE_ROOT; };
		3728576D136AB70000A944A2 /* AppenderSkeleton.cpp */ = {isa = PBXFileReference; fileEncoding = 4; lastKnownFileType = sourcecode.cpp.cpp; name = AppenderSkeleton.cpp; path = "../../../../../Downloads/Development/Game/Tools/log4cpp-1.0/src/AppenderSkeleton.cpp"; sourceTree = SOURCE_ROOT; };
		3728576E136AB70000A944A2 /* BasicConfigurator.cpp */ = {isa = PBXFileReference; fileEncoding = 4; lastKnownFileType = sourcecode.cpp.cpp; name = BasicConfigurator.cpp; path = "../../../../../Downloads/Development/Game/Tools/log4cpp-1.0/src/BasicConfigurator.cpp"; sourceTree = SOURCE_ROOT; };
		3728576F136AB70000A944A2 /* BasicLayout.cpp */ = {isa = PBXFileReference; fileEncoding = 4; lastKnownFileType = sourcecode.cpp.cpp; name = BasicLayout.cpp; path = "../../../../../Downloads/Development/Game/Tools/log4cpp-1.0/src/BasicLayout.cpp"; sourceTree = SOURCE_ROOT; };
		37285770136AB70000A944A2 /* BufferingAppender.cpp */ = {isa = PBXFileReference; fileEncoding = 4; lastKnownFileType = sourcecode.cpp.cpp; name = BufferingAppender.cpp; path = "../../../../../Downloads/Development/Game/Tools/log4cpp-1.0/src/BufferingAppender.cpp"; sourceTree = SOURCE_ROOT; };
		37285771136AB70000A944A2 /* Category.cpp */ = {isa = PBXFileReference; fileEncoding = 4; lastKnownFileType = sourcecode.cpp.cpp; name = Category.cpp; path = "../../../../../Downloads/Development/Game/Tools/log4cpp-1.0/src/Category.cpp"; sourceTree = SOURCE_ROOT; };
		37285772136AB70000A944A2 /* CategoryStream.cpp */ = {isa = PBXFileReference; fileEncoding = 4; lastKnownFileType = sourcecode.cpp.cpp; name = CategoryStream.cpp; path = "../../../../../Downloads/Development/Game/Tools/log4cpp-1.0/src/CategoryStream.cpp"; sourceTree = SOURCE_ROOT; };
		37285773136AB70000A944A2 /* Configurator.cpp */ = {isa = PBXFileReference; fileEncoding = 4; lastKnownFileType = sourcecode.cpp.cpp; name = Configurator.cpp; path = "../../../../../Downloads/Development/Game/Tools/log4cpp-1.0/src/Configurator.cpp"; sourceTree = SOURCE_ROOT; };
		37285774136AB70000A944A2 /* DllMain.cpp */ = {isa = PBXFileReference; fileEncoding = 4; lastKnownFileType = sourcecode.cpp.cpp; name = DllMain.cpp; path = "../../../../../Downloads/Development/Game/Tools/log4cpp-1.0/src/DllMain.cpp"; sourceTree = SOURCE_ROOT; };
		37285775136AB70000A944A2 /* DummyThreads.cpp */ = {isa = PBXFileReference; fileEncoding = 4; lastKnownFileType = sourcecode.cpp.cpp; name = DummyThreads.cpp; path = "../../../../../Downloads/Development/Game/Tools/log4cpp-1.0/src/DummyThreads.cpp"; sourceTree = SOURCE_ROOT; };
		37285776136AB70000A944A2 /* FactoryParams.cpp */ = {isa = PBXFileReference; fileEncoding = 4; lastKnownFileType = sourcecode.cpp.cpp; name = FactoryParams.cpp; path = "../../../../../Downloads/Development/Game/Tools/log4cpp-1.0/src/FactoryParams.cpp"; sourceTree = SOURCE_ROOT; };
		37285777136AB70000A944A2 /* FileAppender.cpp */ = {isa = PBXFileReference; fileEncoding = 4; lastKnownFileType = sourcecode.cpp.cpp; name = FileAppender.cpp; path = "../../../../../Downloads/Development/Game/Tools/log4cpp-1.0/src/FileAppender.cpp"; sourceTree = SOURCE_ROOT; };
		37285778136AB70000A944A2 /* Filter.cpp */ = {isa = PBXFileReference; fileEncoding = 4; lastKnownFileType = sourcecode.cpp.cpp; name = Filter.cpp; path = "../../../../../Downloads/Development/Game/Tools/log4cpp-1.0/src/Filter.cpp"; sourceTree = SOURCE_ROOT; };
		37285779136AB70000A944A2 /* FixedContextCategory.cpp */ = {isa = PBXFileReference; fileEncoding = 4; lastKnownFileType = sourcecode.cpp.cpp; name = FixedContextCategory.cpp; path = "../../../../../Downloads/Development/Game/Tools/log4cpp-1.0/src/FixedContextCategory.cpp"; sourceTree = SOURCE_ROOT; };
		3728577A136AB70000A944A2 /* HierarchyMaintainer.cpp */ = {isa = PBXFileReference; fileEncoding = 4; lastKnownFileType = sourcecode.cpp.cpp; name = HierarchyMaintainer.cpp; path = "../../../../../Downloads/Development/Game/Tools/log4cpp-1.0/src/HierarchyMaintainer.cpp"; sourceTree = SOURCE_ROOT; };
		3728577B136AB70000A944A2 /* IdsaAppender.cpp */ = {isa = PBXFileReference; fileEncoding = 4; lastKnownFileType = sourcecode.cpp.cpp; name = IdsaAppender.cpp; path = "../../../../../Downloads/Development/Game/Tools/log4cpp-1.0/src/IdsaAppender.cpp"; sourceTree = SOURCE_ROOT; };
		3728577C136AB70000A944A2 /* LayoutAppender.cpp */ = {isa = PBXFileReference; fileEncoding = 4; lastKnownFileType = sourcecode.cpp.cpp; name = LayoutAppender.cpp; path = "../../../../../Downloads/Development/Game/Tools/log4cpp-1.0/src/LayoutAppender.cpp"; sourceTree = SOURCE_ROOT; };
		3728577D136AB70000A944A2 /* LayoutsFactory.cpp */ = {isa = PBXFileReference; fileEncoding = 4; lastKnownFileType = sourcecode.cpp.cpp; name = LayoutsFactory.cpp; path = "../../../../../Downloads/Development/Game/Tools/log4cpp-1.0/src/LayoutsFactory.cpp"; sourceTree = SOURCE_ROOT; };
		3728577E136AB70000A944A2 /* LevelEvaluator.cpp */ = {isa = PBXFileReference; fileEncoding = 4; lastKnownFileType = sourcecode.cpp.cpp; name = LevelEvaluator.cpp; path = "../../../../../Downloads/Development/Game/Tools/log4cpp-1.0/src/LevelEvaluator.cpp"; sourceTree = SOURCE_ROOT; };
		3728577F136AB70000A944A2 /* Localtime.cpp */ = {isa = PBXFileReference; fileEncoding = 4; lastKnownFileType = sourcecode.cpp.cpp; name = Localtime.cpp; path = "../../../../../Downloads/Development/Game/Tools/log4cpp-1.0/src/Localtime.cpp"; sourceTree = SOURCE_ROOT; };
		37285780136AB70000A944A2 /* LoggingEvent.cpp */ = {isa = PBXFileReference; fileEncoding = 4; lastKnownFileType = sourcecode.cpp.cpp; name = LoggingEvent.cpp; path = "../../../../../Downloads/Development/Game/Tools/log4cpp-1.0/src/LoggingEvent.cpp"; sourceTree = SOURCE_ROOT; };
		37285781136AB70000A944A2 /* NDC.cpp */ = {isa = PBXFileReference; fileEncoding = 4; lastKnownFileType = sourcecode.cpp.cpp; name = NDC.cpp; path = "../../../../../Downloads/Development/Game/Tools/log4cpp-1.0/src/NDC.cpp"; sourceTree = SOURCE_ROOT; };
		37285782136AB70000A944A2 /* NTEventLogAppender.cpp */ = {isa = PBXFileReference; fileEncoding = 4; lastKnownFileType = sourcecode.cpp.cpp; name = NTEventLogAppender.cpp; path = "../../../../../Downloads/Development/Game/Tools/log4cpp-1.0/src/NTEventLogAppender.cpp"; sourceTree = SOURCE_ROOT; };
		37285783136AB70000A944A2 /* OmniThreads.cpp */ = {isa = PBXFileReference; fileEncoding = 4; lastKnownFileType = sourcecode.cpp.cpp; name = OmniThreads.cpp; path = "../../../../../Downloads/Development/Game/Tools/log4cpp-1.0/src/OmniThreads.cpp"; sourceTree = SOURCE_ROOT; };
		37285784136AB70000A944A2 /* OstreamAppender.cpp */ = {isa = PBXFileReference; fileEncoding = 4; lastKnownFileType = sourcecode.cpp.cpp; name = OstreamAppender.cpp; path = "../../../../../Downloads/Development/Game/Tools/log4cpp-1.0/src/OstreamAppender.cpp"; sourceTree = SOURCE_ROOT; };
		37285785136AB70000A944A2 /* PassThroughLayout.cpp */ = {isa = PBXFileReference; fileEncoding = 4; lastKnownFileType = sourcecode.cpp.cpp; name = PassThroughLayout.cpp; path = "../../../../../Downloads/Development/Game/Tools/log4cpp-1.0/src/PassThroughLayout.cpp"; sourceTree = SOURCE_ROOT; };
		37285786136AB70000A944A2 /* PatternLayout.cpp */ = {isa = PBXFileReference; fileEncoding = 4; lastKnownFileType = sourcecode.cpp.cpp; name = PatternLayout.cpp; path = "../../../../../Downloads/Development/Game/Tools/log4cpp-1.0/src/PatternLayout.cpp"; sourceTree = SOURCE_ROOT; };
		37285787136AB70000A944A2 /* PortabilityImpl.cpp */ = {isa = PBXFileReference; fileEncoding = 4; lastKnownFileType = sourcecode.cpp.cpp; name = PortabilityImpl.cpp; path = "../../../../../Downloads/Development/Game/Tools/log4cpp-1.0/src/PortabilityImpl.cpp"; sourceTree = SOURCE_ROOT; };
		37285788136AB70000A944A2 /* Priority.cpp */ = {isa = PBXFileReference; fileEncoding = 4; lastKnownFileType = sourcecode.cpp.cpp; name = Priority.cpp; path = "../../../../../Downloads/Development/Game/Tools/log4cpp-1.0/src/Priority.cpp"; sourceTree = SOURCE_ROOT; };
		37285789136AB70000A944A2 /* Properties.cpp */ = {isa = PBXFileReference; fileEncoding = 4; lastKnownFileType = sourcecode.cpp.cpp; name = Properties.cpp; path = "../../../../../Downloads/Development/Game/Tools/log4cpp-1.0/src/Properties.cpp"; sourceTree = SOURCE_ROOT; };
		3728578A136AB70000A944A2 /* PropertyConfigurator.cpp */ = {isa = PBXFileReference; fileEncoding = 4; lastKnownFileType = sourcecode.cpp.cpp; name = PropertyConfigurator.cpp; path = "../../../../../Downloads/Development/Game/Tools/log4cpp-1.0/src/PropertyConfigurator.cpp"; sourceTree = SOURCE_ROOT; };
		3728578B136AB70000A944A2 /* PropertyConfiguratorImpl.cpp */ = {isa = PBXFileReference; fileEncoding = 4; lastKnownFileType = sourcecode.cpp.cpp; name = PropertyConfiguratorImpl.cpp; path = "../../../../../Downloads/Development/Game/Tools/log4cpp-1.0/src/PropertyConfiguratorImpl.cpp"; sourceTree = SOURCE_ROOT; };
		3728578C136AB70000A944A2 /* PThreads.cpp */ = {isa = PBXFileReference; fileEncoding = 4; lastKnownFileType = sourcecode.cpp.cpp; name = PThreads.cpp; path = "../../../../../Downloads/Development/Game/Tools/log4cpp-1.0/src/PThreads.cpp"; sourceTree = SOURCE_ROOT; };
		3728578D136AB70000A944A2 /* RemoteSyslogAppender.cpp */ = {isa = PBXFileReference; fileEncoding = 4; lastKnownFileType = sourcecode.cpp.cpp; name = RemoteSyslogAppender.cpp; path = "../../../../../Downloads/Development/Game/Tools/log4cpp-1.0/src/RemoteSyslogAppender.cpp"; sourceTree = SOURCE_ROOT; };
		3728578E136AB70000A944A2 /* RollingFileAppender.cpp */ = {isa = PBXFileReference; fileEncoding = 4; lastKnownFileType = sourcecode.cpp.cpp; name = RollingFileAppender.cpp; path = "../../../../../Downloads/Development/Game/Tools/log4cpp-1.0/src/RollingFileAppender.cpp"; sourceTree = SOURCE_ROOT; };
		3728578F136AB70000A944A2 /* SimpleConfigurator.cpp */ = {isa = PBXFileReference; fileEncoding = 4; lastKnownFileType = sourcecode.cpp.cpp; name = SimpleConfigurator.cpp; path = "../../../../../Downloads/Development/Game/Tools/log4cpp-1.0/src/SimpleConfigurator.cpp"; sourceTree = SOURCE_ROOT; };
		37285790136AB70000A944A2 /* SimpleLayout.cpp */ = {isa = PBXFileReference; fileEncoding = 4; lastKnownFileType = sourcecode.cpp.cpp; name = SimpleLayout.cpp; path = "../../../../../Downloads/Development/Game/Tools/log4cpp-1.0/src/SimpleLayout.cpp"; sourceTree = SOURCE_ROOT; };
		37285791136AB70000A944A2 /* StringQueueAppender.cpp */ = {isa = PBXFileReference; fileEncoding = 4; lastKnownFileType = sourcecode.cpp.cpp; name = StringQueueAppender.cpp; path = "../../../../../Downloads/Development/Game/Tools/log4cpp-1.0/src/StringQueueAppender.cpp"; sourceTree = SOURCE_ROOT; };
		37285792136AB70000A944A2 /* StringUtil.cpp */ = {isa = PBXFileReference; fileEncoding = 4; lastKnownFileType = sourcecode.cpp.cpp; name = StringUtil.cpp; path = "../../../../../Downloads/Development/Game/Tools/log4cpp-1.0/src/StringUtil.cpp"; sourceTree = SOURCE_ROOT; };
		37285793136AB70000A944A2 /* SyslogAppender.cpp */ = {isa = PBXFileReference; fileEncoding = 4; lastKnownFileType = sourcecode.cpp.cpp; name = SyslogAppender.cpp; path = "../../../../../Downloads/Development/Game/Tools/log4cpp-1.0/src/SyslogAppender.cpp"; sourceTree = SOURCE_ROOT; };
		37285794136AB70000A944A2 /* TimeStamp.cpp */ = {isa = PBXFileReference; fileEncoding = 4; lastKnownFileType = sourcecode.cpp.cpp; name = TimeStamp.cpp; path = "../../../../../Downloads/Development/Game/Tools/log4cpp-1.0/src/TimeStamp.cpp"; sourceTree = SOURCE_ROOT; };
		37285795136AB70000A944A2 /* TriggeringEventEvaluatorFactory.cpp */ = {isa = PBXFileReference; fileEncoding = 4; lastKnownFileType = sourcecode.cpp.cpp; name = TriggeringEventEvaluatorFactory.cpp; path = "../../../../../Downloads/Development/Game/Tools/log4cpp-1.0/src/TriggeringEventEvaluatorFactory.cpp"; sourceTree = SOURCE_ROOT; };
		3739F9461326D5D800FA5092 /* IOKit.framework */ = {isa = PBXFileReference; lastKnownFileType = wrapper.framework; name = IOKit.framework; path = System/Library/Frameworks/IOKit.framework; sourceTree = SDKROOT; };
		3739F94D1326D60000FA5092 /* Carbon.framework */ = {isa = PBXFileReference; lastKnownFileType = wrapper.framework; name = Carbon.framework; path = System/Library/Frameworks/Carbon.framework; sourceTree = SDKROOT; };
		3739FA621326D96C00FA5092 /* liblog4cpp.a */ = {isa = PBXFileReference; lastKnownFileType = archive.ar; name = liblog4cpp.a; path = /usr/local/lib/liblog4cpp.a; sourceTree = "<absolute>"; };
		377C32FC1348815C0026E68E /* libOgreRTShaderSystem.dylib */ = {isa = PBXFileReference; lastKnownFileType = "compiled.mach-o.dylib"; name = libOgreRTShaderSystem.dylib; path = "/Volumes/kandie/Workspace/Build/Ogre-1.7.2/lib/Debug/libOgreRTShaderSystem.dylib"; sourceTree = "<absolute>"; };
		377C32FE1348815C0026E68E /* Plugin_CgProgramManager.dylib */ = {isa = PBXFileReference; lastKnownFileType = "compiled.mach-o.dylib"; name = Plugin_CgProgramManager.dylib; path = "/Volumes/kandie/Workspace/Build/Ogre-1.7.2/lib/Debug/Plugin_CgProgramManager.dylib"; sourceTree = "<absolute>"; };
		377C363B134882CF0026E68E /* libOIS.a */ = {isa = PBXFileReference; lastKnownFileType = archive.ar; name = libOIS.a; path = "/Volumes/kandie/Downloads/Development/Game/Ogre/ogre_src_v1-7-2/Dependencies/lib/Debug/libOIS.a"; sourceTree = "<absolute>"; };
		377C36A8134883BC0026E68E /* libfreeimage.a */ = {isa = PBXFileReference; lastKnownFileType = archive.ar; name = libfreeimage.a; path = "/Volumes/kandie/Downloads/Development/Game/Ogre/ogre_src_v1-7-2/Dependencies/lib/Debug/libfreeimage.a"; sourceTree = "<absolute>"; };
		377C36AA134883BC0026E68E /* libfreetype.a */ = {isa = PBXFileReference; lastKnownFileType = archive.ar; name = libfreetype.a; path = "/Volumes/kandie/Downloads/Development/Game/Ogre/ogre_src_v1-7-2/Dependencies/lib/Debug/libfreetype.a"; sourceTree = "<absolute>"; };
		377C36AC134883BC0026E68E /* libzzip.a */ = {isa = PBXFileReference; lastKnownFileType = archive.ar; name = libzzip.a; path = "/Volumes/kandie/Downloads/Development/Game/Ogre/ogre_src_v1-7-2/Dependencies/lib/Debug/libzzip.a"; sourceTree = "<absolute>"; };
		377C371B13488BBF0026E68E /* Plugin_OgreProcedural.dylib */ = {isa = PBXFileReference; lastKnownFileType = "compiled.mach-o.dylib"; name = Plugin_OgreProcedural.dylib; path = "/Volumes/kandie/Workspace/Build/ogre-procedural/build/Plugin_OgreProcedural.dylib"; sourceTree = "<absolute>"; };
		377C373013488C4F0026E68E /* Plugin_ParticleUniverse.dylib */ = {isa = PBXFileReference; lastKnownFileType = "compiled.mach-o.dylib"; name = Plugin_ParticleUniverse.dylib; path = /Volumes/kandie/Workspace/Build/ParticleUniverse/build/Plugin_ParticleUniverse.dylib; sourceTree = "<absolute>"; };
		377C451213488DAA0026E68E /* config */ = {isa = PBXFileReference; lastKnownFileType = folder; name = config; path = ../../resources/config; sourceTree = SOURCE_ROOT; };
		377C451A13488DAA0026E68E /* media */ = {isa = PBXFileReference; lastKnownFileType = folder; name = media; path = ../../resources/media; sourceTree = SOURCE_ROOT; };
		377CC9891347A09300A7AE73 /* PixyLogLayout.cpp */ = {isa = PBXFileReference; fileEncoding = 4; lastKnownFileType = sourcecode.cpp.cpp; name = PixyLogLayout.cpp; path = ../../modules/src/log4cpp/PixyLogLayout.cpp; sourceTree = SOURCE_ROOT; };
		377CC9FF1347A10E00A7AE73 /* BtOgre.cpp */ = {isa = PBXFileReference; fileEncoding = 4; lastKnownFileType = sourcecode.cpp.cpp; name = BtOgre.cpp; path = ../../modules/src/btogre/BtOgre.cpp; sourceTree = SOURCE_ROOT; };
		377CCA021347A11A00A7AE73 /* Engine.h */ = {isa = PBXFileReference; fileEncoding = 4; lastKnownFileType = sourcecode.c.h; name = Engine.h; path = ../../include/Engine.h; sourceTree = SOURCE_ROOT; };
		377CCA031347A11A00A7AE73 /* Entity.h */ = {isa = PBXFileReference; fileEncoding = 4; lastKnownFileType = sourcecode.c.h; name = Entity.h; path = ../../include/Entity.h; sourceTree = SOURCE_ROOT; };
		377CCA041347A11A00A7AE73 /* Event.h */ = {isa = PBXFileReference; fileEncoding = 4; lastKnownFileType = sourcecode.c.h; name = Event.h; path = ../../include/Event.h; sourceTree = SOURCE_ROOT; };
		377CCA051347A11A00A7AE73 /* EventHandler.h */ = {isa = PBXFileReference; fileEncoding = 4; lastKnownFileType = sourcecode.c.h; name = EventHandler.h; path = ../../include/EventHandler.h; sourceTree = SOURCE_ROOT; };
		377CCA061347A11A00A7AE73 /* EventListener.h */ = {isa = PBXFileReference; fileEncoding = 4; lastKnownFileType = sourcecode.c.h; name = EventListener.h; path = ../../include/EventListener.h; sourceTree = SOURCE_ROOT; };
		377CCA071347A11A00A7AE73 /* EventManager.h */ = {isa = PBXFileReference; fileEncoding = 4; lastKnownFileType = sourcecode.c.h; name = EventManager.h; path = ../../include/EventManager.h; sourceTree = SOURCE_ROOT; };
		377CCA081347A11A00A7AE73 /* GameManager.h */ = {isa = PBXFileReference; fileEncoding = 4; lastKnownFileType = sourcecode.c.h; name = GameManager.h; path = ../../include/GameManager.h; sourceTree = SOURCE_ROOT; };
		377CCA091347A11A00A7AE73 /* GameState.h */ = {isa = PBXFileReference; fileEncoding = 4; lastKnownFileType = sourcecode.c.h; name = GameState.h; path = ../../include/GameState.h; sourceTree = SOURCE_ROOT; };
		377CCA0A1347A11A00A7AE73 /* Geometry.h */ = {isa = PBXFileReference; fileEncoding = 4; lastKnownFileType = sourcecode.c.h; name = Geometry.h; path = ../../include/Geometry.h; sourceTree = SOURCE_ROOT; };
		377CCA0B1347A11A00A7AE73 /* GfxEngine.h */ = {isa = PBXFileReference; fileEncoding = 4; lastKnownFileType = sourcecode.c.h; name = GfxEngine.h; path = ../../include/GfxEngine.h; sourceTree = SOURCE_ROOT; };
		377CCA0C1347A11A00A7AE73 /* Handler.h */ = {isa = PBXFileReference; fileEncoding = 4; lastKnownFileType = sourcecode.c.h; name = Handler.h; path = ../../include/Handler.h; sourceTree = SOURCE_ROOT; };
		377CCA0D1347A11A00A7AE73 /* InputManager.h */ = {isa = PBXFileReference; fileEncoding = 4; lastKnownFileType = sourcecode.c.h; name = InputManager.h; path = ../../include/InputManager.h; sourceTree = SOURCE_ROOT; };
		377CCA0E1347A11A00A7AE73 /* Level.h */ = {isa = PBXFileReference; fileEncoding = 4; lastKnownFileType = sourcecode.c.h; name = Level.h; path = ../../include/Level.h; sourceTree = SOURCE_ROOT; };
		377CCA0F1347A11A00A7AE73 /* Listener.h */ = {isa = PBXFileReference; fileEncoding = 4; lastKnownFileType = sourcecode.c.h; name = Listener.h; path = ../../include/Listener.h; sourceTree = SOURCE_ROOT; };
		377CCA101347A11A00A7AE73 /* MotionState.h */ = {isa = PBXFileReference; fileEncoding = 4; lastKnownFileType = sourcecode.c.h; name = MotionState.h; path = ../../include/MotionState.h; sourceTree = SOURCE_ROOT; };
		377CCA121347A11A00A7AE73 /* PhyxEngine.h */ = {isa = PBXFileReference; fileEncoding = 4; lastKnownFileType = sourcecode.c.h; name = PhyxEngine.h; path = ../../include/PhyxEngine.h; sourceTree = SOURCE_ROOT; };
		377CCA131347A11A00A7AE73 /* Pixy.h */ = {isa = PBXFileReference; fileEncoding = 4; lastKnownFileType = sourcecode.c.h; name = Pixy.h; path = ../../include/Pixy.h; sourceTree = SOURCE_ROOT; };
		377CCA141347A11A00A7AE73 /* PixyLog.h */ = {isa = PBXFileReference; fileEncoding = 4; lastKnownFileType = sourcecode.c.h; name = PixyLog.h; path = ../../include/PixyLog.h; sourceTree = SOURCE_ROOT; };
		377CCA181347A11A00A7AE73 /* Tunnel.h */ = {isa = PBXFileReference; fileEncoding = 4; lastKnownFileType = sourcecode.c.h; name = Tunnel.h; path = ../../include/Tunnel.h; sourceTree = SOURCE_ROOT; };
		377CCA1A1347A11A00A7AE73 /* Utility.h */ = {isa = PBXFileReference; fileEncoding = 4; lastKnownFileType = sourcecode.c.h; name = Utility.h; path = ../../include/Utility.h; sourceTree = SOURCE_ROOT; };
		377CCAA71347B48400A7AE73 /* OpenAL.framework */ = {isa = PBXFileReference; lastKnownFileType = wrapper.framework; name = OpenAL.framework; path = System/Library/Frameworks/OpenAL.framework; sourceTree = SDKROOT; };
		377CCABB1347B4D000A7AE73 /* Debug-Info.plist */ = {isa = PBXFileReference; lastKnownFileType = text.plist.xml; path = "Debug-Info.plist"; sourceTree = "<group>"; };
		379BCDCD13489E5000A76237 /* Pixy.log */ = {isa = PBXFileReference; fileEncoding = 4; lastKnownFileType = text; name = Pixy.log; path = ../../log/Pixy.log; sourceTree = SOURCE_ROOT; };
		379BCE5C1348A68000A76237 /* Ogg.framework */ = {isa = PBXFileReference; lastKnownFileType = wrapper.framework; name = Ogg.framework; path = /Library/Frameworks/Ogg.framework; sourceTree = "<absolute>"; };
		379BCE5E1348A68000A76237 /* Vorbis.framework */ = {isa = PBXFileReference; lastKnownFileType = wrapper.framework; name = Vorbis.framework; path = /Library/Frameworks/Vorbis.framework; sourceTree = "<absolute>"; };
		379BD1E31348AEF600A76237 /* Ogre.framework */ = {isa = PBXFileReference; lastKnownFileType = wrapper.framework; name = Ogre.framework; path = "/Volumes/kandie/Workspace/Build/Ogre-1.7.2/lib/Release/Ogre.framework"; sourceTree = "<absolute>"; };
		37B282471323EB5B00BACB27 /* OpenGL.framework */ = {isa = PBXFileReference; lastKnownFileType = wrapper.framework; name = OpenGL.framework; path = System/Library/Frameworks/OpenGL.framework; sourceTree = SDKROOT; };
		37B2824B1323EB6800BACB27 /* GLUT.framework */ = {isa = PBXFileReference; lastKnownFileType = wrapper.framework; name = GLUT.framework; path = System/Library/Frameworks/GLUT.framework; sourceTree = SDKROOT; };
		37B285AD1325521C00BACB27 /* BulletCollision.framework */ = {isa = PBXFileReference; lastKnownFileType = wrapper.framework; name = BulletCollision.framework; path = Library/Frameworks/BulletCollision.framework; sourceTree = SDKROOT; };
		37B285AF1325521C00BACB27 /* BulletDynamics.framework */ = {isa = PBXFileReference; lastKnownFileType = wrapper.framework; name = BulletDynamics.framework; path = Library/Frameworks/BulletDynamics.framework; sourceTree = SDKROOT; };
		37B285B11325521C00BACB27 /* BulletSoftBody.framework */ = {isa = PBXFileReference; lastKnownFileType = wrapper.framework; name = BulletSoftBody.framework; path = Library/Frameworks/BulletSoftBody.framework; sourceTree = SDKROOT; };
		37B285B31325521C00BACB27 /* LinearMath.framework */ = {isa = PBXFileReference; lastKnownFileType = wrapper.framework; name = LinearMath.framework; path = Library/Frameworks/LinearMath.framework; sourceTree = SDKROOT; };
		37B5D6C013277FE900BFC358 /* Vertigo.app */ = {isa = PBXFileReference; explicitFileType = wrapper.application; includeInIndex = 0; path = Vertigo.app; sourceTree = BUILT_PRODUCTS_DIR; };
		37C97A4913255ECE00F10762 /* Plugin_ParticleFX.dylib */ = {isa = PBXFileReference; lastKnownFileType = "compiled.mach-o.dylib"; name = Plugin_ParticleFX.dylib; path = "/Volumes/kandie/Workspace/Build/Ogre-1.7.2/lib/Debug/Plugin_ParticleFX.dylib"; sourceTree = "<absolute>"; };
		37C97A4B13255ECE00F10762 /* RenderSystem_GL.dylib */ = {isa = PBXFileReference; lastKnownFileType = "compiled.mach-o.dylib"; name = RenderSystem_GL.dylib; path = "/Volumes/kandie/Workspace/Build/Ogre-1.7.2/lib/Debug/RenderSystem_GL.dylib"; sourceTree = "<absolute>"; };
		C6859E8B029090EE04C91782 /* Vertigo.1 */ = {isa = PBXFileReference; lastKnownFileType = text.man; path = Vertigo.1; sourceTree = "<group>"; };
/* End PBXFileReference section */

/* Begin PBXFrameworksBuildPhase section */
		37B5D0E613277E0600BFC358 /* Frameworks */ = {
			isa = PBXFrameworksBuildPhase;
			buildActionMask = 2147483647;
			files = (
				377C36A9134883BC0026E68E /* libfreeimage.a in Frameworks */,
				377C36AB134883BC0026E68E /* libfreetype.a in Frameworks */,
				377C36AD134883BC0026E68E /* libzzip.a in Frameworks */,
				377C363C134882D00026E68E /* libOIS.a in Frameworks */,
				37B5D67D13277E5900BFC358 /* IOKit.framework in Frameworks */,
				37B5D67E13277E5900BFC358 /* Carbon.framework in Frameworks */,
				37B5D67F13277E5900BFC358 /* BulletCollision.framework in Frameworks */,
				37B5D68013277E5900BFC358 /* BulletDynamics.framework in Frameworks */,
				37B5D68113277E5900BFC358 /* BulletSoftBody.framework in Frameworks */,
				37B5D68213277E5900BFC358 /* LinearMath.framework in Frameworks */,
				37B5D68513277E5900BFC358 /* OpenGL.framework in Frameworks */,
				37B5D68613277E5900BFC358 /* GLUT.framework in Frameworks */,
				37B5D68913277E5900BFC358 /* Plugin_ParticleFX.dylib in Frameworks */,
				37B5D68A13277E5900BFC358 /* RenderSystem_GL.dylib in Frameworks */,
				37B5D68D13277E5900BFC358 /* liblog4cpp.a in Frameworks */,
				377CCAA81347B48400A7AE73 /* OpenAL.framework in Frameworks */,
				377C32FD1348815C0026E68E /* libOgreRTShaderSystem.dylib in Frameworks */,
				377C32FF1348815C0026E68E /* Plugin_CgProgramManager.dylib in Frameworks */,
				377C371C13488BBF0026E68E /* Plugin_OgreProcedural.dylib in Frameworks */,
				377C373113488C4F0026E68E /* Plugin_ParticleUniverse.dylib in Frameworks */,
				379BCE5D1348A68000A76237 /* Ogg.framework in Frameworks */,
				379BCE5F1348A68000A76237 /* Vorbis.framework in Frameworks */,
				379BD1E41348AEF600A76237 /* Ogre.framework in Frameworks */,
				37285739136AB65500A944A2 /* libOgreOggSound.dylib in Frameworks */,
			);
			runOnlyForDeploymentPostprocessing = 0;
		};
/* End PBXFrameworksBuildPhase section */

/* Begin PBXGroup section */
		08FB7794FE84155DC02AAC07 /* Vertigo */ = {
			isa = PBXGroup;
			children = (
				379BCDCD13489E5000A76237 /* Pixy.log */,
				377C373B13488CC50026E68E /* Resources */,
				37B282C8132519B200BACB27 /* External Modules */,
				37B2829D1325167400BACB27 /* Headers */,
				08FB7795FE84155DC02AAC07 /* Source */,
				C6859E8C029090F304C91782 /* Documentation */,
				37B282461323EB4500BACB27 /* External Frameworks */,
				37C97A4413255EAA00F10762 /* Plugins */,
				1AB674ADFE9D54B511CA2CBB /* Products */,
				377CCABB1347B4D000A7AE73 /* Debug-Info.plist */,
			);
			name = Vertigo;
			sourceTree = "<group>";
		};
		08FB7795FE84155DC02AAC07 /* Source */ = {
			isa = PBXGroup;
			children = (
				372856E7136AAA8F00A944A2 /* Drone.cpp */,
				372856E8136AAA8F00A944A2 /* Entity.cpp */,
				372856E9136AAA8F00A944A2 /* Event.cpp */,
				372856EA136AAA8F00A944A2 /* EventListener.cpp */,
				372856EB136AAA8F00A944A2 /* EventManager.cpp */,
				372856EC136AAA8F00A944A2 /* GameManager.cpp */,
				372856ED136AAA8F00A944A2 /* GameState.cpp */,
				372856EE136AAA8F00A944A2 /* Geometry.cpp */,
				372856EF136AAA8F00A944A2 /* GfxEngine.cpp */,
				372856F0136AAA8F00A944A2 /* InputManager.cpp */,
				372856F1136AAA8F00A944A2 /* Intro.cpp */,
				372856F2136AAA8F00A944A2 /* Level.cpp */,
				372856F3136AAA8F00A944A2 /* main.cpp */,
				372856F4136AAA8F00A944A2 /* Pause.cpp */,
				372856F5136AAA8F00A944A2 /* PhyxEngine.cpp */,
				372856F6136AAA8F00A944A2 /* Probe.cpp */,
				372856F7136AAA8F00A944A2 /* SfxEngine.cpp */,
				372856F8136AAA8F00A944A2 /* Tunnel.cpp */,
				372856F9136AAA8F00A944A2 /* UIEngine.cpp */,
				372856FA136AAA8F00A944A2 /* Zone.cpp */,
			);
			name = Source;
			sourceTree = "<group>";
		};
		1AB674ADFE9D54B511CA2CBB /* Products */ = {
			isa = PBXGroup;
			children = (
				37B5D6C013277FE900BFC358 /* Vertigo.app */,
			);
			name = Products;
			sourceTree = "<group>";
		};
		3728573C136AB66A00A944A2 /* tinyxml */ = {
			isa = PBXGroup;
			children = (
				37285746136AB6A100A944A2 /* tinystr.cpp */,
				37285747136AB6A100A944A2 /* tinyxml.cpp */,
				37285748136AB6A100A944A2 /* tinyxmlerror.cpp */,
				37285749136AB6A100A944A2 /* tinyxmlparser.cpp */,
				37285744136AB69400A944A2 /* tinystr.h */,
				37285745136AB69400A944A2 /* tinyxml.h */,
			);
			name = tinyxml;
			sourceTree = "<group>";
		};
		3728573D136AB66F00A944A2 /* TinyXMLResource */ = {
			isa = PBXGroup;
			children = (
				37285742136AB68A00A944A2 /* TinyXMLResource.h */,
				37285743136AB68A00A944A2 /* TinyXMLResourceManager.h */,
				3728573E136AB67F00A944A2 /* TinyXMLResource.cpp */,
				3728573F136AB67F00A944A2 /* TinyXMLResourceManager.cpp */,
			);
			name = TinyXMLResource;
			sourceTree = "<group>";
		};
		37285769136AB6C400A944A2 /* log4cpp */ = {
			isa = PBXGroup;
			children = (
				3728576A136AB70000A944A2 /* AbortAppender.cpp */,
				3728576B136AB70000A944A2 /* Appender.cpp */,
				3728576C136AB70000A944A2 /* AppendersFactory.cpp */,
				3728576D136AB70000A944A2 /* AppenderSkeleton.cpp */,
				3728576E136AB70000A944A2 /* BasicConfigurator.cpp */,
				3728576F136AB70000A944A2 /* BasicLayout.cpp */,
				37285770136AB70000A944A2 /* BufferingAppender.cpp */,
				37285771136AB70000A944A2 /* Category.cpp */,
				37285772136AB70000A944A2 /* CategoryStream.cpp */,
				37285773136AB70000A944A2 /* Configurator.cpp */,
				37285774136AB70000A944A2 /* DllMain.cpp */,
				37285775136AB70000A944A2 /* DummyThreads.cpp */,
				37285776136AB70000A944A2 /* FactoryParams.cpp */,
				37285777136AB70000A944A2 /* FileAppender.cpp */,
				37285778136AB70000A944A2 /* Filter.cpp */,
				37285779136AB70000A944A2 /* FixedContextCategory.cpp */,
				3728577A136AB70000A944A2 /* HierarchyMaintainer.cpp */,
				3728577B136AB70000A944A2 /* IdsaAppender.cpp */,
				3728577C136AB70000A944A2 /* LayoutAppender.cpp */,
				3728577D136AB70000A944A2 /* LayoutsFactory.cpp */,
				3728577E136AB70000A944A2 /* LevelEvaluator.cpp */,
				3728577F136AB70000A944A2 /* Localtime.cpp */,
				37285780136AB70000A944A2 /* LoggingEvent.cpp */,
				37285781136AB70000A944A2 /* NDC.cpp */,
				37285782136AB70000A944A2 /* NTEventLogAppender.cpp */,
				37285783136AB70000A944A2 /* OmniThreads.cpp */,
				37285784136AB70000A944A2 /* OstreamAppender.cpp */,
				37285785136AB70000A944A2 /* PassThroughLayout.cpp */,
				37285786136AB70000A944A2 /* PatternLayout.cpp */,
				37285787136AB70000A944A2 /* PortabilityImpl.cpp */,
				37285788136AB70000A944A2 /* Priority.cpp */,
				37285789136AB70000A944A2 /* Properties.cpp */,
				3728578A136AB70000A944A2 /* PropertyConfigurator.cpp */,
				3728578B136AB70000A944A2 /* PropertyConfiguratorImpl.cpp */,
				3728578C136AB70000A944A2 /* PThreads.cpp */,
				3728578D136AB70000A944A2 /* RemoteSyslogAppender.cpp */,
				3728578E136AB70000A944A2 /* RollingFileAppender.cpp */,
				3728578F136AB70000A944A2 /* SimpleConfigurator.cpp */,
				37285790136AB70000A944A2 /* SimpleLayout.cpp */,
				37285791136AB70000A944A2 /* StringQueueAppender.cpp */,
				37285792136AB70000A944A2 /* StringUtil.cpp */,
				37285793136AB70000A944A2 /* SyslogAppender.cpp */,
				37285794136AB70000A944A2 /* TimeStamp.cpp */,
				37285795136AB70000A944A2 /* TriggeringEventEvaluatorFactory.cpp */,
			);
			name = log4cpp;
			sourceTree = "<group>";
		};
		3759A0211330D12400D26FB8 /* Ogre Procedural */ = {
			isa = PBXGroup;
			children = (
			);
			name = "Ogre Procedural";
			sourceTree = "<group>";
		};
		377C373B13488CC50026E68E /* Resources */ = {
			isa = PBXGroup;
			children = (
				377C451213488DAA0026E68E /* config */,
				377C451A13488DAA0026E68E /* media */,
			);
			name = Resources;
			sourceTree = "<group>";
		};
		377CC9881347A08700A7AE73 /* log4cpp */ = {
			isa = PBXGroup;
			children = (
				377CC9891347A09300A7AE73 /* PixyLogLayout.cpp */,
			);
			name = log4cpp;
			sourceTree = "<group>";
		};
		377CC9FE1347A0FB00A7AE73 /* BtOgre */ = {
			isa = PBXGroup;
			children = (
				377CC9FF1347A10E00A7AE73 /* BtOgre.cpp */,
			);
			name = BtOgre;
			sourceTree = "<group>";
		};
		37B282461323EB4500BACB27 /* External Frameworks */ = {
			isa = PBXGroup;
			children = (
				3739FA621326D96C00FA5092 /* liblog4cpp.a */,
				3739F94D1326D60000FA5092 /* Carbon.framework */,
				37B282471323EB5B00BACB27 /* OpenGL.framework */,
				37B2824B1323EB6800BACB27 /* GLUT.framework */,
				37B285AD1325521C00BACB27 /* BulletCollision.framework */,
				37B285AF1325521C00BACB27 /* BulletDynamics.framework */,
				37B285B11325521C00BACB27 /* BulletSoftBody.framework */,
				37B285B31325521C00BACB27 /* LinearMath.framework */,
				3739F9461326D5D800FA5092 /* IOKit.framework */,
				377CCAA71347B48400A7AE73 /* OpenAL.framework */,
				377C363B134882CF0026E68E /* libOIS.a */,
				377C36A8134883BC0026E68E /* libfreeimage.a */,
				377C36AA134883BC0026E68E /* libfreetype.a */,
				377C36AC134883BC0026E68E /* libzzip.a */,
				379BCE5C1348A68000A76237 /* Ogg.framework */,
				379BCE5E1348A68000A76237 /* Vorbis.framework */,
				379BD1E31348AEF600A76237 /* Ogre.framework */,
			);
			name = "External Frameworks";
			sourceTree = "<group>";
		};
		37B2829D1325167400BACB27 /* Headers */ = {
			isa = PBXGroup;
			children = (
				377CCA1A1347A11A00A7AE73 /* Utility.h */,
				377CCA0A1347A11A00A7AE73 /* Geometry.h */,
				377CCA131347A11A00A7AE73 /* Pixy.h */,
				377CCA141347A11A00A7AE73 /* PixyLog.h */,
				37B5D78C13278B1700BFC358 /* Managers */,
				37B5D78B13278B0D00BFC358 /* GameStates */,
				37B5D78A13278B0100BFC358 /* Entities */,
				37B5D78913278AF700BFC358 /* Events */,
				37B5D78813278AF200BFC358 /* Engines */,
			);
			name = Headers;
			sourceTree = "<group>";
		};
		37B282C8132519B200BACB27 /* External Modules */ = {
			isa = PBXGroup;
			children = (
				37285769136AB6C400A944A2 /* log4cpp */,
				3728573D136AB66F00A944A2 /* TinyXMLResource */,
				3728573C136AB66A00A944A2 /* tinyxml */,
				377CC9FE1347A0FB00A7AE73 /* BtOgre */,
				377CC9881347A08700A7AE73 /* log4cpp */,
				3759A0211330D12400D26FB8 /* Ogre Procedural */,
			);
			name = "External Modules";
			sourceTree = "<group>";
		};
		37B5D0D113277D9600BFC358 /* CEGUI */ = {
			isa = PBXGroup;
			children = (
			);
			name = CEGUI;
			sourceTree = "<group>";
		};
		37B5D0D213277D9B00BFC358 /* Ogre */ = {
			isa = PBXGroup;
			children = (
				37285738136AB65500A944A2 /* libOgreOggSound.dylib */,
				377C32FC1348815C0026E68E /* libOgreRTShaderSystem.dylib */,
				377C32FE1348815C0026E68E /* Plugin_CgProgramManager.dylib */,
				37C97A4913255ECE00F10762 /* Plugin_ParticleFX.dylib */,
				37C97A4B13255ECE00F10762 /* RenderSystem_GL.dylib */,
				377C371B13488BBF0026E68E /* Plugin_OgreProcedural.dylib */,
				377C373013488C4F0026E68E /* Plugin_ParticleUniverse.dylib */,
			);
			name = Ogre;
			sourceTree = "<group>";
		};
		37B5D78813278AF200BFC358 /* Engines */ = {
			isa = PBXGroup;
			children = (
				37285713136AAAAF00A944A2 /* SfxEngine.h */,
				37285714136AAAAF00A944A2 /* UIEngine.h */,
				377CCA021347A11A00A7AE73 /* Engine.h */,
				377CCA0B1347A11A00A7AE73 /* GfxEngine.h */,
				377CCA121347A11A00A7AE73 /* PhyxEngine.h */,
			);
			name = Engines;
			sourceTree = "<group>";
		};
		37B5D78913278AF700BFC358 /* Events */ = {
			isa = PBXGroup;
			children = (
				377CCA041347A11A00A7AE73 /* Event.h */,
				377CCA051347A11A00A7AE73 /* EventHandler.h */,
				377CCA061347A11A00A7AE73 /* EventListener.h */,
				377CCA071347A11A00A7AE73 /* EventManager.h */,
				377CCA0C1347A11A00A7AE73 /* Handler.h */,
				377CCA0F1347A11A00A7AE73 /* Listener.h */,
			);
			name = Events;
			sourceTree = "<group>";
		};
		37B5D78A13278B0100BFC358 /* Entities */ = {
			isa = PBXGroup;
			children = (
				37285715136AAAAF00A944A2 /* Zone.h */,
				3728570F136AAAAF00A944A2 /* Drone.h */,
				37285712136AAAAF00A944A2 /* Probe.h */,
				377CCA101347A11A00A7AE73 /* MotionState.h */,
				377CCA031347A11A00A7AE73 /* Entity.h */,
				377CCA181347A11A00A7AE73 /* Tunnel.h */,
			);
			name = Entities;
			sourceTree = "<group>";
		};
		37B5D78B13278B0D00BFC358 /* GameStates */ = {
			isa = PBXGroup;
			children = (
				37285710136AAAAF00A944A2 /* Intro.h */,
				37285711136AAAAF00A944A2 /* Pause.h */,
				377CCA091347A11A00A7AE73 /* GameState.h */,
				377CCA0E1347A11A00A7AE73 /* Level.h */,
			);
			name = GameStates;
			sourceTree = "<group>";
		};
		37B5D78C13278B1700BFC358 /* Managers */ = {
			isa = PBXGroup;
			children = (
				377CCA081347A11A00A7AE73 /* GameManager.h */,
				377CCA0D1347A11A00A7AE73 /* InputManager.h */,
			);
			name = Managers;
			sourceTree = "<group>";
		};
		37C97A4413255EAA00F10762 /* Plugins */ = {
			isa = PBXGroup;
			children = (
				37B5D0D213277D9B00BFC358 /* Ogre */,
				37B5D0D113277D9600BFC358 /* CEGUI */,
			);
			name = Plugins;
			sourceTree = "<group>";
		};
		C6859E8C029090F304C91782 /* Documentation */ = {
			isa = PBXGroup;
			children = (
				C6859E8B029090EE04C91782 /* Vertigo.1 */,
			);
			name = Documentation;
			sourceTree = "<group>";
		};
/* End PBXGroup section */

/* Begin PBXNativeTarget section */
		37B5D0E713277E0600BFC358 /* Vertigo */ = {
			isa = PBXNativeTarget;
			buildConfigurationList = 37B5D0ED13277E0700BFC358 /* Build configuration list for PBXNativeTarget "Vertigo" */;
			buildPhases = (
				37B5D0E413277E0600BFC358 /* Resources */,
				37B5D0E513277E0600BFC358 /* Sources */,
				37B5D0E613277E0600BFC358 /* Frameworks */,
				37B5D6AE13277EA800BFC358 /* Copy Frameworks */,
				37B5D6AF13277EA800BFC358 /* Copy Plugins */,
				37B5D6DB1327811C00BFC358 /* Copy Components */,
				379BCD801348953600A76237 /* Logs */,
			);
			buildRules = (
			);
			dependencies = (
			);
			name = Vertigo;
			productName = Debug;
			productReference = 37B5D6C013277FE900BFC358 /* Vertigo.app */;
			productType = "com.apple.product-type.application";
		};
/* End PBXNativeTarget section */

/* Begin PBXProject section */
		08FB7793FE84155DC02AAC07 /* Project object */ = {
			isa = PBXProject;
			buildConfigurationList = 1DEB923508733DC60010E9CD /* Build configuration list for PBXProject "Vertigo" */;
			compatibilityVersion = "Xcode 3.1";
			hasScannedForEncodings = 1;
			mainGroup = 08FB7794FE84155DC02AAC07 /* Vertigo */;
			projectDirPath = "";
			projectRoot = "";
			targets = (
				37B5D0E713277E0600BFC358 /* Vertigo */,
			);
		};
/* End PBXProject section */

/* Begin PBXResourcesBuildPhase section */
		37B5D0E413277E0600BFC358 /* Resources */ = {
			isa = PBXResourcesBuildPhase;
			buildActionMask = 2147483647;
			files = (
				377C49FF13488DAB0026E68E /* config in Resources */,
				377C4A0013488DAB0026E68E /* media in Resources */,
				379BCDCE13489E5000A76237 /* Pixy.log in Resources */,
			);
			runOnlyForDeploymentPostprocessing = 0;
		};
/* End PBXResourcesBuildPhase section */

/* Begin PBXSourcesBuildPhase section */
		37B5D0E513277E0600BFC358 /* Sources */ = {
			isa = PBXSourcesBuildPhase;
			buildActionMask = 2147483647;
			files = (
				377CC98A1347A09300A7AE73 /* PixyLogLayout.cpp in Sources */,
				377CCA001347A10E00A7AE73 /* BtOgre.cpp in Sources */,
				372856FB136AAA8F00A944A2 /* Drone.cpp in Sources */,
				372856FC136AAA8F00A944A2 /* Entity.cpp in Sources */,
				372856FD136AAA8F00A944A2 /* Event.cpp in Sources */,
				372856FE136AAA8F00A944A2 /* EventListener.cpp in Sources */,
				372856FF136AAA8F00A944A2 /* EventManager.cpp in Sources */,
				37285700136AAA8F00A944A2 /* GameManager.cpp in Sources */,
				37285701136AAA8F00A944A2 /* GameState.cpp in Sources */,
				37285702136AAA8F00A944A2 /* Geometry.cpp in Sources */,
				37285703136AAA8F00A944A2 /* GfxEngine.cpp in Sources */,
				37285704136AAA8F00A944A2 /* InputManager.cpp in Sources */,
				37285705136AAA8F00A944A2 /* Intro.cpp in Sources */,
				37285706136AAA8F00A944A2 /* Level.cpp in Sources */,
				37285707136AAA8F00A944A2 /* main.cpp in Sources */,
				37285708136AAA8F00A944A2 /* Pause.cpp in Sources */,
				37285709136AAA8F00A944A2 /* PhyxEngine.cpp in Sources */,
				3728570A136AAA8F00A944A2 /* Probe.cpp in Sources */,
				3728570B136AAA8F00A944A2 /* SfxEngine.cpp in Sources */,
				3728570C136AAA8F00A944A2 /* Tunnel.cpp in Sources */,
				3728570D136AAA8F00A944A2 /* UIEngine.cpp in Sources */,
				3728570E136AAA8F00A944A2 /* Zone.cpp in Sources */,
				37285740136AB67F00A944A2 /* TinyXMLResource.cpp in Sources */,
				37285741136AB67F00A944A2 /* TinyXMLResourceManager.cpp in Sources */,
				3728574A136AB6A100A944A2 /* tinystr.cpp in Sources */,
				3728574B136AB6A100A944A2 /* tinyxml.cpp in Sources */,
				3728574C136AB6A100A944A2 /* tinyxmlerror.cpp in Sources */,
				3728574D136AB6A100A944A2 /* tinyxmlparser.cpp in Sources */,
				37285796136AB70000A944A2 /* AbortAppender.cpp in Sources */,
				37285797136AB70000A944A2 /* Appender.cpp in Sources */,
				37285798136AB70000A944A2 /* AppendersFactory.cpp in Sources */,
				37285799136AB70000A944A2 /* AppenderSkeleton.cpp in Sources */,
				3728579A136AB70000A944A2 /* BasicConfigurator.cpp in Sources */,
				3728579B136AB70000A944A2 /* BasicLayout.cpp in Sources */,
				3728579C136AB70000A944A2 /* BufferingAppender.cpp in Sources */,
				3728579D136AB70000A944A2 /* Category.cpp in Sources */,
				3728579E136AB70000A944A2 /* CategoryStream.cpp in Sources */,
				3728579F136AB70000A944A2 /* Configurator.cpp in Sources */,
				372857A0136AB70000A944A2 /* DllMain.cpp in Sources */,
				372857A1136AB70000A944A2 /* DummyThreads.cpp in Sources */,
				372857A2136AB70000A944A2 /* FactoryParams.cpp in Sources */,
				372857A3136AB70000A944A2 /* FileAppender.cpp in Sources */,
				372857A4136AB70000A944A2 /* Filter.cpp in Sources */,
				372857A5136AB70000A944A2 /* FixedContextCategory.cpp in Sources */,
				372857A6136AB70000A944A2 /* HierarchyMaintainer.cpp in Sources */,
				372857A7136AB70000A944A2 /* IdsaAppender.cpp in Sources */,
				372857A8136AB70000A944A2 /* LayoutAppender.cpp in Sources */,
				372857A9136AB70000A944A2 /* LayoutsFactory.cpp in Sources */,
				372857AA136AB70000A944A2 /* LevelEvaluator.cpp in Sources */,
				372857AB136AB70000A944A2 /* Localtime.cpp in Sources */,
				372857AC136AB70000A944A2 /* LoggingEvent.cpp in Sources */,
				372857AD136AB70000A944A2 /* NDC.cpp in Sources */,
				372857AE136AB70000A944A2 /* NTEventLogAppender.cpp in Sources */,
				372857AF136AB70000A944A2 /* OmniThreads.cpp in Sources */,
				372857B0136AB70000A944A2 /* OstreamAppender.cpp in Sources */,
				372857B1136AB70000A944A2 /* PassThroughLayout.cpp in Sources */,
				372857B2136AB70000A944A2 /* PatternLayout.cpp in Sources */,
				372857B3136AB70000A944A2 /* PortabilityImpl.cpp in Sources */,
				372857B4136AB70000A944A2 /* Priority.cpp in Sources */,
				372857B5136AB70000A944A2 /* Properties.cpp in Sources */,
				372857B6136AB70000A944A2 /* PropertyConfigurator.cpp in Sources */,
				372857B7136AB70000A944A2 /* PropertyConfiguratorImpl.cpp in Sources */,
				372857B8136AB70000A944A2 /* PThreads.cpp in Sources */,
				372857B9136AB70000A944A2 /* RemoteSyslogAppender.cpp in Sources */,
				372857BA136AB70000A944A2 /* RollingFileAppender.cpp in Sources */,
				372857BB136AB70000A944A2 /* SimpleConfigurator.cpp in Sources */,
				372857BC136AB70000A944A2 /* SimpleLayout.cpp in Sources */,
				372857BD136AB70000A944A2 /* StringQueueAppender.cpp in Sources */,
				372857BE136AB70000A944A2 /* StringUtil.cpp in Sources */,
				372857BF136AB70000A944A2 /* SyslogAppender.cpp in Sources */,
				372857C0136AB70000A944A2 /* TimeStamp.cpp in Sources */,
				372857C1136AB70000A944A2 /* TriggeringEventEvaluatorFactory.cpp in Sources */,
			);
			runOnlyForDeploymentPostprocessing = 0;
		};
/* End PBXSourcesBuildPhase section */

/* Begin XCBuildConfiguration section */
		1DEB923608733DC60010E9CD /* Debug */ = {
			isa = XCBuildConfiguration;
			buildSettings = {
				ARCHS = "$(ARCHS_STANDARD_32_64_BIT)";
				EXCLUDED_RECURSIVE_SEARCH_PATH_SUBDIRECTORIES = "*.nib *.lproj *.framework *.gch *.xcode* (*) CVS .svn .git";
				FRAMEWORK_SEARCH_PATHS = (
					/Library/Frameworks,
					"/Volumes/kandie/Workspace/Build/Ogre-1.7.2/lib/Debug/Ogre.framework",
				);
				GCC_C_LANGUAGE_STANDARD = gnu99;
				GCC_FAST_OBJC_DISPATCH = NO;
				GCC_OPTIMIZATION_LEVEL = 0;
				GCC_WARN_ABOUT_RETURN_TYPE = YES;
				GCC_WARN_UNUSED_VARIABLE = YES;
				HEADER_SEARCH_PATHS = (
					/Volumes/kandie/Workspace/Build/ParticleUniverse/include,
					"\"/System/Library/Frameworks/OpenAL.framework/Headers\"",
					/usr/local/include,
					/opt/local/include,
					/usr/local/include/bullet,
					"\"/Volumes/kandie/Workspace/Build/Ogre-1.7.2/lib/Debug/Ogre.framework/Headers\"",
					"\"/Volumes/kandie/Downloads/Development/Game/Ogre/ogre_src_v1-7-2/Dependencies/include/OIS\"",
					"\"$(SRCROOT)/../../include\"",
					"\"$(SRCROOT)/../../modules/include/ogre\"",
					"\"$(SRCROOT)/../../modules/include/ogre-procedural\"",
					"\"$(SRCROOT)/../../modules/include/btogre\"",
					"\"$(SRCROOT)/../../modules/include\"",
					"\"$(SRCROOT)/../../modules/include/log4cpp\"",
					/Volumes/kandie/Workspace/Build/ogreoggsound/include,
				);
				ONLY_ACTIVE_ARCH = YES;
				PREBINDING = NO;
				PRECOMPS_INCLUDE_HEADERS_FROM_BUILT_PRODUCTS_DIR = NO;
				SDKROOT = macosx10.6;
				ZERO_LINK = TRUE;
			};
			name = Debug;
		};
		1DEB923708733DC60010E9CD /* Release */ = {
			isa = XCBuildConfiguration;
			buildSettings = {
				ARCHS = "$(ARCHS_STANDARD_32_64_BIT)";
				GCC_C_LANGUAGE_STANDARD = gnu99;
				GCC_WARN_ABOUT_RETURN_TYPE = YES;
				GCC_WARN_UNUSED_VARIABLE = YES;
				PREBINDING = NO;
				SDKROOT = macosx10.6;
			};
			name = Release;
		};
		37B5D0EB13277E0600BFC358 /* Debug */ = {
			isa = XCBuildConfiguration;
			buildSettings = {
				ALWAYS_SEARCH_USER_PATHS = YES;
				COPY_PHASE_STRIP = NO;
				FRAMEWORK_SEARCH_PATHS = (
					"$(inherited)",
					"\"$(SRCROOT)/../../Build/Ogre-1.7.2/lib/Debug\"",
					/Library/Frameworks,
					/System/Library/Frameworks/OpenAL.framework/Headers,
					/Library/Frameworks/Ogg.framework/Headers,
					/Library/Frameworks/Vorbis.framework/Headers,
					"\"$(SRCROOT)/../../../../Build/Ogre-1.7.2/lib/Debug\"",
					"\"$(SRCROOT)/../../../../Build/Ogre-1.7.2/lib/Release\"",
				);
				GCC_DYNAMIC_NO_PIC = NO;
				GCC_ENABLE_FIX_AND_CONTINUE = YES;
				GCC_MODEL_TUNING = G5;
				GCC_OPTIMIZATION_LEVEL = 0;
				GCC_PRECOMPILE_PREFIX_HEADER = NO;
				GCC_PREFIX_HEADER = "";
				INFOPLIST_FILE = "Debug-Info.plist";
				INSTALL_PATH = "$(HOME)/Applications";
				LIBRARY_SEARCH_PATHS = (
					"$(inherited)",
					"\"$(SRCROOT)/../../Build/Ogre-1.7.2/lib/Debug\"",
					"\"$(SRCROOT)/../../../Downloads/Development/Game/Ogre/ogre_src_v1-7-2/Dependencies/lib/Debug\"",
					"\"$(SRCROOT)/../../../../Build/ParticleUniverse/build\"",
					"\"$(SRCROOT)/../../../../Build/Ogre-1.7.2/lib/Debug\"",
					"\"$(SRCROOT)/../../../../../Downloads/Development/Game/Ogre/ogre_src_v1-7-2/Dependencies/lib/Debug\"",
					"\"$(SRCROOT)/../../../../Build/ogreoggsound\"",
					"\"$(SRCROOT)/../../../../Build/ogre-procedural/build\"",
					"\"$(SRCROOT)/../../../../Build/ogreoggsound/build\"",
				);
				OTHER_LDFLAGS = (
					"-framework",
					Foundation,
					"-framework",
					AppKit,
				);
				PREBINDING = NO;
				PRODUCT_NAME = Debug;
			};
			name = Debug;
		};
		37B5D0EC13277E0600BFC358 /* Release */ = {
			isa = XCBuildConfiguration;
			buildSettings = {
				ALWAYS_SEARCH_USER_PATHS = YES;
				COPY_PHASE_STRIP = YES;
				DEBUG_INFORMATION_FORMAT = "dwarf-with-dsym";
				FRAMEWORK_SEARCH_PATHS = (
					"\"/Volumes/kandie/Workspace/Build/Ogre-1.7.2/lib/Release/Ogre.framework\"",
					"\"$(SRCROOT)/../../../../Build/Ogre-1.7.2/lib/Release\"",
				);
				GCC_ENABLE_FIX_AND_CONTINUE = NO;
				GCC_ENABLE_OBJC_EXCEPTIONS = NO;
				GCC_FAST_OBJC_DISPATCH = NO;
				GCC_MODEL_TUNING = G5;
				GCC_PRECOMPILE_PREFIX_HEADER = NO;
				GCC_PREFIX_HEADER = "";
				HEADER_SEARCH_PATHS = (
					"\"$(SRCROOT)/../../include\"",
					"\"$(SRCROOT)/../../modules/include\"/**",
					/opt/local/include,
					/usr/local/include,
					/usr/local/include/bullet,
					/Volumes/kandie/Workspace/Build/ParticleUniverse/include,
					"/Volumes/kandie/Downloads/Development/Game/Ogre/ogre_src_v1-7-2/Dependencies/include/OIS",
					/Volumes/kandie/Workspace/Build/ogreoggsound/include,
					"\"/Volumes/kandie/Workspace/Build/Ogre-1.7.2/lib/Release/Ogre.framework/Headers\"",
					"\"/System/Library/Frameworks/OpenAL.framework/Headers\"",
				);
				INFOPLIST_EXPAND_BUILD_SETTINGS = NO;
				INFOPLIST_FILE = "";
				INSTALL_PATH = "$(HOME)/Applications";
				LIBRARY_SEARCH_PATHS = (
					"$(inherited)",
					"\"/Volumes/kandie/Workspace/Build/Ogre-1.7.2/lib/Release\"",
					"\"/Volumes/kandie/Downloads/Development/Game/Ogre/ogre_src_v1-7-2/Dependencies/lib/Release\"",
					"\"$(SRCROOT)/../../../../Build/ParticleUniverse/build\"",
					"\"$(SRCROOT)/../../../../Build/ogre-procedural/build\"",
					"\"$(SRCROOT)/../../../../Build/ogreoggsound/build\"",
				);
				ONLY_ACTIVE_ARCH = YES;
				OTHER_LDFLAGS = (
					"-framework",
					Foundation,
					"-framework",
					AppKit,
					"-framework",
					OpenAL,
					"-framework",
					Ogre,
				);
				PREBINDING = NO;
				PRECOMPS_INCLUDE_HEADERS_FROM_BUILT_PRODUCTS_DIR = NO;
				PRODUCT_NAME = Vertigo;
				ZERO_LINK = NO;
			};
			name = Release;
		};
/* End XCBuildConfiguration section */

/* Begin XCConfigurationList section */
		1DEB923508733DC60010E9CD /* Build configuration list for PBXProject "Vertigo" */ = {
			isa = XCConfigurationList;
			buildConfigurations = (
				1DEB923608733DC60010E9CD /* Debug */,
				1DEB923708733DC60010E9CD /* Release */,
			);
			defaultConfigurationIsVisible = 0;
			defaultConfigurationName = Release;
		};
		37B5D0ED13277E0700BFC358 /* Build configuration list for PBXNativeTarget "Vertigo" */ = {
			isa = XCConfigurationList;
			buildConfigurations = (
				37B5D0EB13277E0600BFC358 /* Debug */,
				37B5D0EC13277E0600BFC358 /* Release */,
			);
			defaultConfigurationIsVisible = 0;
			defaultConfigurationName = Release;
		};
/* End XCConfigurationList section */
	};
	rootObject = 08FB7793FE84155DC02AAC07 /* Project object */;
}
